// !$*UTF8*$!
{
	archiveVersion = 1;
	classes = {
	};
	objectVersion = 51;
	objects = {

/* Begin PBXBuildFile section */
		05AC2A5D1E300E6961675874 /* Pods_Butget.framework in Frameworks */ = {isa = PBXBuildFile; fileRef = D97BC0262AA97C9B28871A54 /* Pods_Butget.framework */; };
		DC12796324422C9C00565C10 /* Date+formatter.swift in Sources */ = {isa = PBXBuildFile; fileRef = DC12796224422C9C00565C10 /* Date+formatter.swift */; };
		DC12796524422CBE00565C10 /* Presupuesto.swift in Sources */ = {isa = PBXBuildFile; fileRef = DC12796424422CBE00565C10 /* Presupuesto.swift */; };
		DC12796724422F0900565C10 /* Periodo.swift in Sources */ = {isa = PBXBuildFile; fileRef = DC12796624422F0900565C10 /* Periodo.swift */; };
		DC127969244232B200565C10 /* Monto.swift in Sources */ = {isa = PBXBuildFile; fileRef = DC127968244232B200565C10 /* Monto.swift */; };
		DC12796B244236F100565C10 /* PresupuestoListViewController.swift in Sources */ = {isa = PBXBuildFile; fileRef = DC12796A244236F100565C10 /* PresupuestoListViewController.swift */; };
		DC12796D2442373400565C10 /* PresupuestoFormTableViewController.swift in Sources */ = {isa = PBXBuildFile; fileRef = DC12796C2442373400565C10 /* PresupuestoFormTableViewController.swift */; };
		DC12796F2442378200565C10 /* PresupuestoDetailViewController.swift in Sources */ = {isa = PBXBuildFile; fileRef = DC12796E2442378200565C10 /* PresupuestoDetailViewController.swift */; };
		DC127971244237DF00565C10 /* MontoFormTableViewController.swift in Sources */ = {isa = PBXBuildFile; fileRef = DC127970244237DF00565C10 /* MontoFormTableViewController.swift */; };
		DC1279732442380A00565C10 /* HistorialTableViewController.swift in Sources */ = {isa = PBXBuildFile; fileRef = DC1279722442380A00565C10 /* HistorialTableViewController.swift */; };
		DC1279752442383600565C10 /* ConfiguracionTableViewController.swift in Sources */ = {isa = PBXBuildFile; fileRef = DC1279742442383600565C10 /* ConfiguracionTableViewController.swift */; };
		DC12797924423EFC00565C10 /* PresupuestoTableViewCell.swift in Sources */ = {isa = PBXBuildFile; fileRef = DC12797724423EFC00565C10 /* PresupuestoTableViewCell.swift */; };
		DC12797A24423EFC00565C10 /* PresupuestoTableViewCell.xib in Resources */ = {isa = PBXBuildFile; fileRef = DC12797824423EFC00565C10 /* PresupuestoTableViewCell.xib */; };
		DC12797C2442472100565C10 /* TabBarController.swift in Sources */ = {isa = PBXBuildFile; fileRef = DC12797B2442472100565C10 /* TabBarController.swift */; };
		DCB33303242EE6D4006AFE10 /* AppDelegate.swift in Sources */ = {isa = PBXBuildFile; fileRef = DCB33302242EE6D4006AFE10 /* AppDelegate.swift */; };
		DCB33305242EE6D4006AFE10 /* SceneDelegate.swift in Sources */ = {isa = PBXBuildFile; fileRef = DCB33304242EE6D4006AFE10 /* SceneDelegate.swift */; };
		DCB33307242EE6D4006AFE10 /* ViewController.swift in Sources */ = {isa = PBXBuildFile; fileRef = DCB33306242EE6D4006AFE10 /* ViewController.swift */; };
		DCB3330A242EE6D4006AFE10 /* Main.storyboard in Resources */ = {isa = PBXBuildFile; fileRef = DCB33308242EE6D4006AFE10 /* Main.storyboard */; };
		DCB3330C242EE6D8006AFE10 /* Assets.xcassets in Resources */ = {isa = PBXBuildFile; fileRef = DCB3330B242EE6D8006AFE10 /* Assets.xcassets */; };
		DCB3330F242EE6D8006AFE10 /* LaunchScreen.storyboard in Resources */ = {isa = PBXBuildFile; fileRef = DCB3330D242EE6D8006AFE10 /* LaunchScreen.storyboard */; };
/* End PBXBuildFile section */

/* Begin PBXFileReference section */
		44B8025527FA28697A265E2F /* Pods-Butget.release.xcconfig */ = {isa = PBXFileReference; includeInIndex = 1; lastKnownFileType = text.xcconfig; name = "Pods-Butget.release.xcconfig"; path = "Target Support Files/Pods-Butget/Pods-Butget.release.xcconfig"; sourceTree = "<group>"; };
		927E1D5582C0971B339B8785 /* Pods-Butget.debug.xcconfig */ = {isa = PBXFileReference; includeInIndex = 1; lastKnownFileType = text.xcconfig; name = "Pods-Butget.debug.xcconfig"; path = "Target Support Files/Pods-Butget/Pods-Butget.debug.xcconfig"; sourceTree = "<group>"; };
		D97BC0262AA97C9B28871A54 /* Pods_Butget.framework */ = {isa = PBXFileReference; explicitFileType = wrapper.framework; includeInIndex = 0; path = Pods_Butget.framework; sourceTree = BUILT_PRODUCTS_DIR; };
		DC12796224422C9C00565C10 /* Date+formatter.swift */ = {isa = PBXFileReference; lastKnownFileType = sourcecode.swift; path = "Date+formatter.swift"; sourceTree = "<group>"; };
		DC12796424422CBE00565C10 /* Presupuesto.swift */ = {isa = PBXFileReference; lastKnownFileType = sourcecode.swift; path = Presupuesto.swift; sourceTree = "<group>"; };
		DC12796624422F0900565C10 /* Periodo.swift */ = {isa = PBXFileReference; lastKnownFileType = sourcecode.swift; path = Periodo.swift; sourceTree = "<group>"; };
		DC127968244232B200565C10 /* Monto.swift */ = {isa = PBXFileReference; lastKnownFileType = sourcecode.swift; path = Monto.swift; sourceTree = "<group>"; };
		DC12796A244236F100565C10 /* PresupuestoListViewController.swift */ = {isa = PBXFileReference; lastKnownFileType = sourcecode.swift; path = PresupuestoListViewController.swift; sourceTree = "<group>"; };
		DC12796C2442373400565C10 /* PresupuestoFormTableViewController.swift */ = {isa = PBXFileReference; lastKnownFileType = sourcecode.swift; path = PresupuestoFormTableViewController.swift; sourceTree = "<group>"; };
		DC12796E2442378200565C10 /* PresupuestoDetailViewController.swift */ = {isa = PBXFileReference; lastKnownFileType = sourcecode.swift; path = PresupuestoDetailViewController.swift; sourceTree = "<group>"; };
		DC127970244237DF00565C10 /* MontoFormTableViewController.swift */ = {isa = PBXFileReference; lastKnownFileType = sourcecode.swift; path = MontoFormTableViewController.swift; sourceTree = "<group>"; };
		DC1279722442380A00565C10 /* HistorialTableViewController.swift */ = {isa = PBXFileReference; lastKnownFileType = sourcecode.swift; path = HistorialTableViewController.swift; sourceTree = "<group>"; };
		DC1279742442383600565C10 /* ConfiguracionTableViewController.swift */ = {isa = PBXFileReference; lastKnownFileType = sourcecode.swift; path = ConfiguracionTableViewController.swift; sourceTree = "<group>"; };
		DC12797724423EFC00565C10 /* PresupuestoTableViewCell.swift */ = {isa = PBXFileReference; lastKnownFileType = sourcecode.swift; path = PresupuestoTableViewCell.swift; sourceTree = "<group>"; };
		DC12797824423EFC00565C10 /* PresupuestoTableViewCell.xib */ = {isa = PBXFileReference; lastKnownFileType = file.xib; path = PresupuestoTableViewCell.xib; sourceTree = "<group>"; };
		DC12797B2442472100565C10 /* TabBarController.swift */ = {isa = PBXFileReference; lastKnownFileType = sourcecode.swift; path = TabBarController.swift; sourceTree = "<group>"; };
		DCB332FF242EE6D4006AFE10 /* Butget.app */ = {isa = PBXFileReference; explicitFileType = wrapper.application; includeInIndex = 0; path = Butget.app; sourceTree = BUILT_PRODUCTS_DIR; };
		DCB33302242EE6D4006AFE10 /* AppDelegate.swift */ = {isa = PBXFileReference; lastKnownFileType = sourcecode.swift; path = AppDelegate.swift; sourceTree = "<group>"; };
		DCB33304242EE6D4006AFE10 /* SceneDelegate.swift */ = {isa = PBXFileReference; lastKnownFileType = sourcecode.swift; path = SceneDelegate.swift; sourceTree = "<group>"; };
		DCB33306242EE6D4006AFE10 /* ViewController.swift */ = {isa = PBXFileReference; lastKnownFileType = sourcecode.swift; path = ViewController.swift; sourceTree = "<group>"; };
		DCB33309242EE6D4006AFE10 /* Base */ = {isa = PBXFileReference; lastKnownFileType = file.storyboard; name = Base; path = Base.lproj/Main.storyboard; sourceTree = "<group>"; };
		DCB3330B242EE6D8006AFE10 /* Assets.xcassets */ = {isa = PBXFileReference; lastKnownFileType = folder.assetcatalog; path = Assets.xcassets; sourceTree = "<group>"; };
		DCB3330E242EE6D8006AFE10 /* Base */ = {isa = PBXFileReference; lastKnownFileType = file.storyboard; name = Base; path = Base.lproj/LaunchScreen.storyboard; sourceTree = "<group>"; };
		DCB33310242EE6D8006AFE10 /* Info.plist */ = {isa = PBXFileReference; lastKnownFileType = text.plist.xml; path = Info.plist; sourceTree = "<group>"; };
/* End PBXFileReference section */

/* Begin PBXFrameworksBuildPhase section */
		DCB332FC242EE6D4006AFE10 /* Frameworks */ = {
			isa = PBXFrameworksBuildPhase;
			buildActionMask = 2147483647;
			files = (
				05AC2A5D1E300E6961675874 /* Pods_Butget.framework in Frameworks */,
			);
			runOnlyForDeploymentPostprocessing = 0;
		};
/* End PBXFrameworksBuildPhase section */

/* Begin PBXGroup section */
		651356F786F1B26B58B162F3 /* Pods */ = {
			isa = PBXGroup;
			children = (
				927E1D5582C0971B339B8785 /* Pods-Butget.debug.xcconfig */,
				44B8025527FA28697A265E2F /* Pods-Butget.release.xcconfig */,
			);
			path = Pods;
			sourceTree = "<group>";
		};
		DC12795D24422BE200565C10 /* Model */ = {
			isa = PBXGroup;
			children = (
				DC12796424422CBE00565C10 /* Presupuesto.swift */,
				DC12796624422F0900565C10 /* Periodo.swift */,
				DC127968244232B200565C10 /* Monto.swift */,
			);
			path = Model;
			sourceTree = "<group>";
		};
		DC12795E24422BEC00565C10 /* Controller */ = {
			isa = PBXGroup;
			children = (
				DC12796A244236F100565C10 /* PresupuestoListViewController.swift */,
				DC12796C2442373400565C10 /* PresupuestoFormTableViewController.swift */,
				DC12796E2442378200565C10 /* PresupuestoDetailViewController.swift */,
				DC127970244237DF00565C10 /* MontoFormTableViewController.swift */,
				DC1279722442380A00565C10 /* HistorialTableViewController.swift */,
				DC1279742442383600565C10 /* ConfiguracionTableViewController.swift */,
				DC12797B2442472100565C10 /* TabBarController.swift */,
			);
			path = Controller;
			sourceTree = "<group>";
		};
		DC12795F24422BF700565C10 /* CustomCell */ = {
			isa = PBXGroup;
			children = (
				DC12797624423EC000565C10 /* Presupuesto */,
			);
			path = CustomCell;
			sourceTree = "<group>";
		};
		DC12796024422C6500565C10 /* Manager */ = {
			isa = PBXGroup;
			children = (
			);
			path = Manager;
			sourceTree = "<group>";
		};
		DC12796124422C7400565C10 /* Extension */ = {
			isa = PBXGroup;
			children = (
				DC12796224422C9C00565C10 /* Date+formatter.swift */,
			);
			path = Extension;
			sourceTree = "<group>";
		};
		DC12797624423EC000565C10 /* Presupuesto */ = {
			isa = PBXGroup;
			children = (
				DC12797724423EFC00565C10 /* PresupuestoTableViewCell.swift */,
				DC12797824423EFC00565C10 /* PresupuestoTableViewCell.xib */,
			);
			path = Presupuesto;
			sourceTree = "<group>";
		};
		DCB332F6242EE6D4006AFE10 = {
			isa = PBXGroup;
			children = (
				DCB33301242EE6D4006AFE10 /* Butget */,
				DCB33300242EE6D4006AFE10 /* Products */,
				651356F786F1B26B58B162F3 /* Pods */,
				FF19452C82F08F0102634448 /* Frameworks */,
			);
			sourceTree = "<group>";
		};
		DCB33300242EE6D4006AFE10 /* Products */ = {
			isa = PBXGroup;
			children = (
				DCB332FF242EE6D4006AFE10 /* Butget.app */,
			);
			name = Products;
			sourceTree = "<group>";
		};
		DCB33301242EE6D4006AFE10 /* Butget */ = {
			isa = PBXGroup;
			children = (
				DC12796124422C7400565C10 /* Extension */,
				DC12796024422C6500565C10 /* Manager */,
				DC12795F24422BF700565C10 /* CustomCell */,
				DC12795E24422BEC00565C10 /* Controller */,
				DC12795D24422BE200565C10 /* Model */,
				DCB33302242EE6D4006AFE10 /* AppDelegate.swift */,
				DCB33304242EE6D4006AFE10 /* SceneDelegate.swift */,
				DCB33306242EE6D4006AFE10 /* ViewController.swift */,
				DCB33308242EE6D4006AFE10 /* Main.storyboard */,
				DCB3330B242EE6D8006AFE10 /* Assets.xcassets */,
				DCB3330D242EE6D8006AFE10 /* LaunchScreen.storyboard */,
				DCB33310242EE6D8006AFE10 /* Info.plist */,
			);
			path = Butget;
			sourceTree = "<group>";
		};
		FF19452C82F08F0102634448 /* Frameworks */ = {
			isa = PBXGroup;
			children = (
				D97BC0262AA97C9B28871A54 /* Pods_Butget.framework */,
			);
			name = Frameworks;
			sourceTree = "<group>";
		};
/* End PBXGroup section */

/* Begin PBXNativeTarget section */
		DCB332FE242EE6D4006AFE10 /* Butget */ = {
			isa = PBXNativeTarget;
			buildConfigurationList = DCB33313242EE6D8006AFE10 /* Build configuration list for PBXNativeTarget "Butget" */;
			buildPhases = (
				6852D849C9B44CA77A0B6CC7 /* [CP] Check Pods Manifest.lock */,
				DCB332FB242EE6D4006AFE10 /* Sources */,
				DCB332FC242EE6D4006AFE10 /* Frameworks */,
				DCB332FD242EE6D4006AFE10 /* Resources */,
				DA5B65E285B821F1F9C68E2F /* [CP] Embed Pods Frameworks */,
			);
			buildRules = (
			);
			dependencies = (
			);
			name = Butget;
			productName = Butget;
			productReference = DCB332FF242EE6D4006AFE10 /* Butget.app */;
			productType = "com.apple.product-type.application";
		};
/* End PBXNativeTarget section */

/* Begin PBXProject section */
		DCB332F7242EE6D4006AFE10 /* Project object */ = {
			isa = PBXProject;
			attributes = {
				LastSwiftUpdateCheck = 1130;
				LastUpgradeCheck = 1130;
				ORGANIZATIONNAME = "Pedro Ledezma";
				TargetAttributes = {
					DCB332FE242EE6D4006AFE10 = {
						CreatedOnToolsVersion = 11.3.1;
					};
				};
			};
			buildConfigurationList = DCB332FA242EE6D4006AFE10 /* Build configuration list for PBXProject "Butget" */;
			compatibilityVersion = "Xcode 9.3";
			developmentRegion = en;
			hasScannedForEncodings = 0;
			knownRegions = (
				en,
				Base,
			);
			mainGroup = DCB332F6242EE6D4006AFE10;
			productRefGroup = DCB33300242EE6D4006AFE10 /* Products */;
			projectDirPath = "";
			projectRoot = "";
			targets = (
				DCB332FE242EE6D4006AFE10 /* Butget */,
			);
		};
/* End PBXProject section */

/* Begin PBXResourcesBuildPhase section */
		DCB332FD242EE6D4006AFE10 /* Resources */ = {
			isa = PBXResourcesBuildPhase;
			buildActionMask = 2147483647;
			files = (
				DCB3330F242EE6D8006AFE10 /* LaunchScreen.storyboard in Resources */,
				DCB3330C242EE6D8006AFE10 /* Assets.xcassets in Resources */,
				DCB3330A242EE6D4006AFE10 /* Main.storyboard in Resources */,
				DC12797A24423EFC00565C10 /* PresupuestoTableViewCell.xib in Resources */,
			);
			runOnlyForDeploymentPostprocessing = 0;
		};
/* End PBXResourcesBuildPhase section */

/* Begin PBXShellScriptBuildPhase section */
		6852D849C9B44CA77A0B6CC7 /* [CP] Check Pods Manifest.lock */ = {
			isa = PBXShellScriptBuildPhase;
			buildActionMask = 2147483647;
			files = (
			);
			inputFileListPaths = (
			);
			inputPaths = (
				"${PODS_PODFILE_DIR_PATH}/Podfile.lock",
				"${PODS_ROOT}/Manifest.lock",
			);
			name = "[CP] Check Pods Manifest.lock";
			outputFileListPaths = (
			);
			outputPaths = (
				"$(DERIVED_FILE_DIR)/Pods-Butget-checkManifestLockResult.txt",
			);
			runOnlyForDeploymentPostprocessing = 0;
			shellPath = /bin/sh;
			shellScript = "diff \"${PODS_PODFILE_DIR_PATH}/Podfile.lock\" \"${PODS_ROOT}/Manifest.lock\" > /dev/null\nif [ $? != 0 ] ; then\n    # print error to STDERR\n    echo \"error: The sandbox is not in sync with the Podfile.lock. Run 'pod install' or update your CocoaPods installation.\" >&2\n    exit 1\nfi\n# This output is used by Xcode 'outputs' to avoid re-running this script phase.\necho \"SUCCESS\" > \"${SCRIPT_OUTPUT_FILE_0}\"\n";
			showEnvVarsInLog = 0;
		};
		DA5B65E285B821F1F9C68E2F /* [CP] Embed Pods Frameworks */ = {
			isa = PBXShellScriptBuildPhase;
			buildActionMask = 2147483647;
			files = (
			);
			inputFileListPaths = (
				"${PODS_ROOT}/Target Support Files/Pods-Butget/Pods-Butget-frameworks-${CONFIGURATION}-input-files.xcfilelist",
			);
			name = "[CP] Embed Pods Frameworks";
			outputFileListPaths = (
				"${PODS_ROOT}/Target Support Files/Pods-Butget/Pods-Butget-frameworks-${CONFIGURATION}-output-files.xcfilelist",
			);
			runOnlyForDeploymentPostprocessing = 0;
			shellPath = /bin/sh;
			shellScript = "\"${PODS_ROOT}/Target Support Files/Pods-Butget/Pods-Butget-frameworks.sh\"\n";
			showEnvVarsInLog = 0;
		};
/* End PBXShellScriptBuildPhase section */

/* Begin PBXSourcesBuildPhase section */
		DCB332FB242EE6D4006AFE10 /* Sources */ = {
			isa = PBXSourcesBuildPhase;
			buildActionMask = 2147483647;
			files = (
				DC12796B244236F100565C10 /* PresupuestoListViewController.swift in Sources */,
				DC127969244232B200565C10 /* Monto.swift in Sources */,
				DC12796324422C9C00565C10 /* Date+formatter.swift in Sources */,
				DC12797C2442472100565C10 /* TabBarController.swift in Sources */,
				DC12797924423EFC00565C10 /* PresupuestoTableViewCell.swift in Sources */,
				DC12796D2442373400565C10 /* PresupuestoFormTableViewController.swift in Sources */,
				DCB33307242EE6D4006AFE10 /* ViewController.swift in Sources */,
				DC12796F2442378200565C10 /* PresupuestoDetailViewController.swift in Sources */,
				DC127971244237DF00565C10 /* MontoFormTableViewController.swift in Sources */,
				DC1279732442380A00565C10 /* HistorialTableViewController.swift in Sources */,
				DCB33303242EE6D4006AFE10 /* AppDelegate.swift in Sources */,
				DC12796524422CBE00565C10 /* Presupuesto.swift in Sources */,
				DC12796724422F0900565C10 /* Periodo.swift in Sources */,
				DC1279752442383600565C10 /* ConfiguracionTableViewController.swift in Sources */,
				DCB33305242EE6D4006AFE10 /* SceneDelegate.swift in Sources */,
			);
			runOnlyForDeploymentPostprocessing = 0;
		};
/* End PBXSourcesBuildPhase section */

/* Begin PBXVariantGroup section */
		DCB33308242EE6D4006AFE10 /* Main.storyboard */ = {
			isa = PBXVariantGroup;
			children = (
				DCB33309242EE6D4006AFE10 /* Base */,
			);
			name = Main.storyboard;
			sourceTree = "<group>";
		};
		DCB3330D242EE6D8006AFE10 /* LaunchScreen.storyboard */ = {
			isa = PBXVariantGroup;
			children = (
				DCB3330E242EE6D8006AFE10 /* Base */,
			);
			name = LaunchScreen.storyboard;
			sourceTree = "<group>";
		};
/* End PBXVariantGroup section */

/* Begin XCBuildConfiguration section */
		DCB33311242EE6D8006AFE10 /* Debug */ = {
			isa = XCBuildConfiguration;
			buildSettings = {
				ALWAYS_SEARCH_USER_PATHS = NO;
				CLANG_ANALYZER_NONNULL = YES;
				CLANG_ANALYZER_NUMBER_OBJECT_CONVERSION = YES_AGGRESSIVE;
				CLANG_CXX_LANGUAGE_STANDARD = "gnu++14";
				CLANG_CXX_LIBRARY = "libc++";
				CLANG_ENABLE_MODULES = YES;
				CLANG_ENABLE_OBJC_ARC = YES;
				CLANG_ENABLE_OBJC_WEAK = YES;
				CLANG_WARN_BLOCK_CAPTURE_AUTORELEASING = YES;
				CLANG_WARN_BOOL_CONVERSION = YES;
				CLANG_WARN_COMMA = YES;
				CLANG_WARN_CONSTANT_CONVERSION = YES;
				CLANG_WARN_DEPRECATED_OBJC_IMPLEMENTATIONS = YES;
				CLANG_WARN_DIRECT_OBJC_ISA_USAGE = YES_ERROR;
				CLANG_WARN_DOCUMENTATION_COMMENTS = YES;
				CLANG_WARN_EMPTY_BODY = YES;
				CLANG_WARN_ENUM_CONVERSION = YES;
				CLANG_WARN_INFINITE_RECURSION = YES;
				CLANG_WARN_INT_CONVERSION = YES;
				CLANG_WARN_NON_LITERAL_NULL_CONVERSION = YES;
				CLANG_WARN_OBJC_IMPLICIT_RETAIN_SELF = YES;
				CLANG_WARN_OBJC_LITERAL_CONVERSION = YES;
				CLANG_WARN_OBJC_ROOT_CLASS = YES_ERROR;
				CLANG_WARN_RANGE_LOOP_ANALYSIS = YES;
				CLANG_WARN_STRICT_PROTOTYPES = YES;
				CLANG_WARN_SUSPICIOUS_MOVE = YES;
				CLANG_WARN_UNGUARDED_AVAILABILITY = YES_AGGRESSIVE;
				CLANG_WARN_UNREACHABLE_CODE = YES;
				CLANG_WARN__DUPLICATE_METHOD_MATCH = YES;
				COPY_PHASE_STRIP = NO;
				DEBUG_INFORMATION_FORMAT = dwarf;
				ENABLE_STRICT_OBJC_MSGSEND = YES;
				ENABLE_TESTABILITY = YES;
				GCC_C_LANGUAGE_STANDARD = gnu11;
				GCC_DYNAMIC_NO_PIC = NO;
				GCC_NO_COMMON_BLOCKS = YES;
				GCC_OPTIMIZATION_LEVEL = 0;
				GCC_PREPROCESSOR_DEFINITIONS = (
					"DEBUG=1",
					"$(inherited)",
				);
				GCC_WARN_64_TO_32_BIT_CONVERSION = YES;
				GCC_WARN_ABOUT_RETURN_TYPE = YES_ERROR;
				GCC_WARN_UNDECLARED_SELECTOR = YES;
				GCC_WARN_UNINITIALIZED_AUTOS = YES_AGGRESSIVE;
				GCC_WARN_UNUSED_FUNCTION = YES;
				GCC_WARN_UNUSED_VARIABLE = YES;
				IPHONEOS_DEPLOYMENT_TARGET = 13.2;
				MTL_ENABLE_DEBUG_INFO = INCLUDE_SOURCE;
				MTL_FAST_MATH = YES;
				ONLY_ACTIVE_ARCH = YES;
				SDKROOT = iphoneos;
				SWIFT_ACTIVE_COMPILATION_CONDITIONS = DEBUG;
				SWIFT_OPTIMIZATION_LEVEL = "-Onone";
			};
			name = Debug;
		};
		DCB33312242EE6D8006AFE10 /* Release */ = {
			isa = XCBuildConfiguration;
			buildSettings = {
				ALWAYS_SEARCH_USER_PATHS = NO;
				CLANG_ANALYZER_NONNULL = YES;
				CLANG_ANALYZER_NUMBER_OBJECT_CONVERSION = YES_AGGRESSIVE;
				CLANG_CXX_LANGUAGE_STANDARD = "gnu++14";
				CLANG_CXX_LIBRARY = "libc++";
				CLANG_ENABLE_MODULES = YES;
				CLANG_ENABLE_OBJC_ARC = YES;
				CLANG_ENABLE_OBJC_WEAK = YES;
				CLANG_WARN_BLOCK_CAPTURE_AUTORELEASING = YES;
				CLANG_WARN_BOOL_CONVERSION = YES;
				CLANG_WARN_COMMA = YES;
				CLANG_WARN_CONSTANT_CONVERSION = YES;
				CLANG_WARN_DEPRECATED_OBJC_IMPLEMENTATIONS = YES;
				CLANG_WARN_DIRECT_OBJC_ISA_USAGE = YES_ERROR;
				CLANG_WARN_DOCUMENTATION_COMMENTS = YES;
				CLANG_WARN_EMPTY_BODY = YES;
				CLANG_WARN_ENUM_CONVERSION = YES;
				CLANG_WARN_INFINITE_RECURSION = YES;
				CLANG_WARN_INT_CONVERSION = YES;
				CLANG_WARN_NON_LITERAL_NULL_CONVERSION = YES;
				CLANG_WARN_OBJC_IMPLICIT_RETAIN_SELF = YES;
				CLANG_WARN_OBJC_LITERAL_CONVERSION = YES;
				CLANG_WARN_OBJC_ROOT_CLASS = YES_ERROR;
				CLANG_WARN_RANGE_LOOP_ANALYSIS = YES;
				CLANG_WARN_STRICT_PROTOTYPES = YES;
				CLANG_WARN_SUSPICIOUS_MOVE = YES;
				CLANG_WARN_UNGUARDED_AVAILABILITY = YES_AGGRESSIVE;
				CLANG_WARN_UNREACHABLE_CODE = YES;
				CLANG_WARN__DUPLICATE_METHOD_MATCH = YES;
				COPY_PHASE_STRIP = NO;
				DEBUG_INFORMATION_FORMAT = "dwarf-with-dsym";
				ENABLE_NS_ASSERTIONS = NO;
				ENABLE_STRICT_OBJC_MSGSEND = YES;
				GCC_C_LANGUAGE_STANDARD = gnu11;
				GCC_NO_COMMON_BLOCKS = YES;
				GCC_WARN_64_TO_32_BIT_CONVERSION = YES;
				GCC_WARN_ABOUT_RETURN_TYPE = YES_ERROR;
				GCC_WARN_UNDECLARED_SELECTOR = YES;
				GCC_WARN_UNINITIALIZED_AUTOS = YES_AGGRESSIVE;
				GCC_WARN_UNUSED_FUNCTION = YES;
				GCC_WARN_UNUSED_VARIABLE = YES;
				IPHONEOS_DEPLOYMENT_TARGET = 13.2;
				MTL_ENABLE_DEBUG_INFO = NO;
				MTL_FAST_MATH = YES;
				SDKROOT = iphoneos;
				SWIFT_COMPILATION_MODE = wholemodule;
				SWIFT_OPTIMIZATION_LEVEL = "-O";
				VALIDATE_PRODUCT = YES;
			};
			name = Release;
		};
		DCB33314242EE6D8006AFE10 /* Debug */ = {
			isa = XCBuildConfiguration;
			baseConfigurationReference = 927E1D5582C0971B339B8785 /* Pods-Butget.debug.xcconfig */;
			buildSettings = {
				ASSETCATALOG_COMPILER_APPICON_NAME = AppIcon;
				CODE_SIGN_STYLE = Automatic;
				INFOPLIST_FILE = Butget/Info.plist;
				LD_RUNPATH_SEARCH_PATHS = (
					"$(inherited)",
					"@executable_path/Frameworks",
				);
				PRODUCT_BUNDLE_IDENTIFIER = com.ldz.budget.Butget;
				PRODUCT_NAME = "$(TARGET_NAME)";
				SWIFT_VERSION = 5.0;
				TARGETED_DEVICE_FAMILY = "1,2";
			};
			name = Debug;
		};
		DCB33315242EE6D8006AFE10 /* Release */ = {
			isa = XCBuildConfiguration;
			baseConfigurationReference = 44B8025527FA28697A265E2F /* Pods-Butget.release.xcconfig */;
			buildSettings = {
				ASSETCATALOG_COMPILER_APPICON_NAME = AppIcon;
				CODE_SIGN_STYLE = Automatic;
				INFOPLIST_FILE = Butget/Info.plist;
				LD_RUNPATH_SEARCH_PATHS = (
					"$(inherited)",
					"@executable_path/Frameworks",
				);
				PRODUCT_BUNDLE_IDENTIFIER = com.ldz.budget.Butget;
				PRODUCT_NAME = "$(TARGET_NAME)";
				SWIFT_VERSION = 5.0;
				TARGETED_DEVICE_FAMILY = "1,2";
			};
			name = Release;
		};
/* End XCBuildConfiguration section */

/* Begin XCConfigurationList section */
		DCB332FA242EE6D4006AFE10 /* Build configuration list for PBXProject "Butget" */ = {
			isa = XCConfigurationList;
			buildConfigurations = (
				DCB33311242EE6D8006AFE10 /* Debug */,
				DCB33312242EE6D8006AFE10 /* Release */,
			);
			defaultConfigurationIsVisible = 0;
			defaultConfigurationName = Release;
		};
		DCB33313242EE6D8006AFE10 /* Build configuration list for PBXNativeTarget "Butget" */ = {
			isa = XCConfigurationList;
			buildConfigurations = (
				DCB33314242EE6D8006AFE10 /* Debug */,
				DCB33315242EE6D8006AFE10 /* Release */,
			);
			defaultConfigurationIsVisible = 0;
			defaultConfigurationName = Release;
		};
/* End XCConfigurationList section */
	};
	rootObject = DCB332F7242EE6D4006AFE10 /* Project object */;
}
