// !$*UTF8*$!
{
	archiveVersion = 1;
	classes = {
	};
	objectVersion = 50;
	objects = {

/* Begin PBXBuildFile section */
		DCB3335A242F1E17006AFE10 /* AppDelegate.swift in Sources */ = {isa = PBXBuildFile; fileRef = DCB33359242F1E17006AFE10 /* AppDelegate.swift */; };
		DCB3335C242F1E17006AFE10 /* SceneDelegate.swift in Sources */ = {isa = PBXBuildFile; fileRef = DCB3335B242F1E17006AFE10 /* SceneDelegate.swift */; };
		DCB3335E242F1E17006AFE10 /* ViewController.swift in Sources */ = {isa = PBXBuildFile; fileRef = DCB3335D242F1E17006AFE10 /* ViewController.swift */; };
		DCB33361242F1E17006AFE10 /* Main.storyboard in Resources */ = {isa = PBXBuildFile; fileRef = DCB3335F242F1E17006AFE10 /* Main.storyboard */; };
		DCB33363242F1E19006AFE10 /* Assets.xcassets in Resources */ = {isa = PBXBuildFile; fileRef = DCB33362242F1E19006AFE10 /* Assets.xcassets */; };
		DCB33366242F1E19006AFE10 /* LaunchScreen.storyboard in Resources */ = {isa = PBXBuildFile; fileRef = DCB33364242F1E19006AFE10 /* LaunchScreen.storyboard */; };
		DCB33373242F1E8D006AFE10 /* Articulo.swift in Sources */ = {isa = PBXBuildFile; fileRef = DCB33372242F1E8D006AFE10 /* Articulo.swift */; };
		DCB33375242F1ED1006AFE10 /* ArticuloListViewController.swift in Sources */ = {isa = PBXBuildFile; fileRef = DCB33374242F1ED1006AFE10 /* ArticuloListViewController.swift */; };
		DCB33377242F1F25006AFE10 /* NewArticuloViewController.swift in Sources */ = {isa = PBXBuildFile; fileRef = DCB33376242F1F25006AFE10 /* NewArticuloViewController.swift */; };
		DCB3337A242F1F91006AFE10 /* ArticuloTableViewCell.swift in Sources */ = {isa = PBXBuildFile; fileRef = DCB33378242F1F91006AFE10 /* ArticuloTableViewCell.swift */; };
		DCB3337B242F1F91006AFE10 /* ArticuloTableViewCell.xib in Resources */ = {isa = PBXBuildFile; fileRef = DCB33379242F1F91006AFE10 /* ArticuloTableViewCell.xib */; };
		DCB3337F242F2DE5006AFE10 /* Date+formatter.swift in Sources */ = {isa = PBXBuildFile; fileRef = DCB3337E242F2DE5006AFE10 /* Date+formatter.swift */; };
/* End PBXBuildFile section */

/* Begin PBXFileReference section */
		DCB33356242F1E17006AFE10 /* Tarea#3.app */ = {isa = PBXFileReference; explicitFileType = wrapper.application; includeInIndex = 0; path = "Tarea#3.app"; sourceTree = BUILT_PRODUCTS_DIR; };
		DCB33359242F1E17006AFE10 /* AppDelegate.swift */ = {isa = PBXFileReference; lastKnownFileType = sourcecode.swift; path = AppDelegate.swift; sourceTree = "<group>"; };
		DCB3335B242F1E17006AFE10 /* SceneDelegate.swift */ = {isa = PBXFileReference; lastKnownFileType = sourcecode.swift; path = SceneDelegate.swift; sourceTree = "<group>"; };
		DCB3335D242F1E17006AFE10 /* ViewController.swift */ = {isa = PBXFileReference; lastKnownFileType = sourcecode.swift; path = ViewController.swift; sourceTree = "<group>"; };
		DCB33360242F1E17006AFE10 /* Base */ = {isa = PBXFileReference; lastKnownFileType = file.storyboard; name = Base; path = Base.lproj/Main.storyboard; sourceTree = "<group>"; };
		DCB33362242F1E19006AFE10 /* Assets.xcassets */ = {isa = PBXFileReference; lastKnownFileType = folder.assetcatalog; path = Assets.xcassets; sourceTree = "<group>"; };
		DCB33365242F1E19006AFE10 /* Base */ = {isa = PBXFileReference; lastKnownFileType = file.storyboard; name = Base; path = Base.lproj/LaunchScreen.storyboard; sourceTree = "<group>"; };
		DCB33367242F1E19006AFE10 /* Info.plist */ = {isa = PBXFileReference; lastKnownFileType = text.plist.xml; path = Info.plist; sourceTree = "<group>"; };
		DCB33372242F1E8D006AFE10 /* Articulo.swift */ = {isa = PBXFileReference; lastKnownFileType = sourcecode.swift; path = Articulo.swift; sourceTree = "<group>"; };
		DCB33374242F1ED1006AFE10 /* ArticuloListViewController.swift */ = {isa = PBXFileReference; lastKnownFileType = sourcecode.swift; path = ArticuloListViewController.swift; sourceTree = "<group>"; };
		DCB33376242F1F25006AFE10 /* NewArticuloViewController.swift */ = {isa = PBXFileReference; lastKnownFileType = sourcecode.swift; path = NewArticuloViewController.swift; sourceTree = "<group>"; };
		DCB33378242F1F91006AFE10 /* ArticuloTableViewCell.swift */ = {isa = PBXFileReference; lastKnownFileType = sourcecode.swift; path = ArticuloTableViewCell.swift; sourceTree = "<group>"; };
		DCB33379242F1F91006AFE10 /* ArticuloTableViewCell.xib */ = {isa = PBXFileReference; lastKnownFileType = file.xib; path = ArticuloTableViewCell.xib; sourceTree = "<group>"; };
		DCB3337E242F2DE5006AFE10 /* Date+formatter.swift */ = {isa = PBXFileReference; lastKnownFileType = sourcecode.swift; path = "Date+formatter.swift"; sourceTree = "<group>"; };
/* End PBXFileReference section */

/* Begin PBXFrameworksBuildPhase section */
		DCB33353242F1E17006AFE10 /* Frameworks */ = {
			isa = PBXFrameworksBuildPhase;
			buildActionMask = 2147483647;
			files = (
			);
			runOnlyForDeploymentPostprocessing = 0;
		};
/* End PBXFrameworksBuildPhase section */

/* Begin PBXGroup section */
		DCB3334D242F1E17006AFE10 = {
			isa = PBXGroup;
			children = (
				DCB33358242F1E17006AFE10 /* Tarea#3 */,
				DCB33357242F1E17006AFE10 /* Products */,
			);
			sourceTree = "<group>";
		};
		DCB33357242F1E17006AFE10 /* Products */ = {
			isa = PBXGroup;
			children = (
				DCB33356242F1E17006AFE10 /* Tarea#3.app */,
			);
			name = Products;
			sourceTree = "<group>";
		};
		DCB33358242F1E17006AFE10 /* Tarea#3 */ = {
			isa = PBXGroup;
			children = (
				DCB33370242F1E54006AFE10 /* Model */,
				DCB3336F242F1E48006AFE10 /* Extension */,
				DCB3336E242F1E40006AFE10 /* Controller */,
				DCB3336D242F1E36006AFE10 /* CustomCell */,
				DCB33359242F1E17006AFE10 /* AppDelegate.swift */,
				DCB3335B242F1E17006AFE10 /* SceneDelegate.swift */,
				DCB3335D242F1E17006AFE10 /* ViewController.swift */,
				DCB3335F242F1E17006AFE10 /* Main.storyboard */,
				DCB33362242F1E19006AFE10 /* Assets.xcassets */,
				DCB33364242F1E19006AFE10 /* LaunchScreen.storyboard */,
				DCB33367242F1E19006AFE10 /* Info.plist */,
			);
			path = "Tarea#3";
			sourceTree = "<group>";
		};
		DCB3336D242F1E36006AFE10 /* CustomCell */ = {
			isa = PBXGroup;
			children = (
				DCB33371242F1E63006AFE10 /* Articulo */,
			);
			path = CustomCell;
			sourceTree = "<group>";
		};
		DCB3336E242F1E40006AFE10 /* Controller */ = {
			isa = PBXGroup;
			children = (
				DCB33374242F1ED1006AFE10 /* ArticuloListViewController.swift */,
				DCB33376242F1F25006AFE10 /* NewArticuloViewController.swift */,
			);
			path = Controller;
			sourceTree = "<group>";
		};
		DCB3336F242F1E48006AFE10 /* Extension */ = {
			isa = PBXGroup;
			children = (
				DCB3337E242F2DE5006AFE10 /* Date+formatter.swift */,
			);
			path = Extension;
			sourceTree = "<group>";
		};
		DCB33370242F1E54006AFE10 /* Model */ = {
			isa = PBXGroup;
			children = (
				DCB33372242F1E8D006AFE10 /* Articulo.swift */,
			);
			path = Model;
			sourceTree = "<group>";
		};
		DCB33371242F1E63006AFE10 /* Articulo */ = {
			isa = PBXGroup;
			children = (
				DCB33378242F1F91006AFE10 /* ArticuloTableViewCell.swift */,
				DCB33379242F1F91006AFE10 /* ArticuloTableViewCell.xib */,
			);
			path = Articulo;
			sourceTree = "<group>";
		};
/* End PBXGroup section */

/* Begin PBXNativeTarget section */
		DCB33355242F1E17006AFE10 /* Tarea#3 */ = {
			isa = PBXNativeTarget;
			buildConfigurationList = DCB3336A242F1E19006AFE10 /* Build configuration list for PBXNativeTarget "Tarea#3" */;
			buildPhases = (
				DCB33352242F1E17006AFE10 /* Sources */,
				DCB33353242F1E17006AFE10 /* Frameworks */,
				DCB33354242F1E17006AFE10 /* Resources */,
			);
			buildRules = (
			);
			dependencies = (
			);
			name = "Tarea#3";
			productName = "Tarea#3";
			productReference = DCB33356242F1E17006AFE10 /* Tarea#3.app */;
			productType = "com.apple.product-type.application";
		};
/* End PBXNativeTarget section */

/* Begin PBXProject section */
		DCB3334E242F1E17006AFE10 /* Project object */ = {
			isa = PBXProject;
			attributes = {
				LastSwiftUpdateCheck = 1130;
				LastUpgradeCheck = 1130;
				ORGANIZATIONNAME = "Pedro Ledezma";
				TargetAttributes = {
					DCB33355242F1E17006AFE10 = {
						CreatedOnToolsVersion = 11.3.1;
					};
				};
			};
			buildConfigurationList = DCB33351242F1E17006AFE10 /* Build configuration list for PBXProject "Tarea#3" */;
			compatibilityVersion = "Xcode 9.3";
			developmentRegion = en;
			hasScannedForEncodings = 0;
			knownRegions = (
				en,
				Base,
			);
			mainGroup = DCB3334D242F1E17006AFE10;
			productRefGroup = DCB33357242F1E17006AFE10 /* Products */;
			projectDirPath = "";
			projectRoot = "";
			targets = (
				DCB33355242F1E17006AFE10 /* Tarea#3 */,
			);
		};
/* End PBXProject section */

/* Begin PBXResourcesBuildPhase section */
		DCB33354242F1E17006AFE10 /* Resources */ = {
			isa = PBXResourcesBuildPhase;
			buildActionMask = 2147483647;
			files = (
				DCB3337B242F1F91006AFE10 /* ArticuloTableViewCell.xib in Resources */,
				DCB33366242F1E19006AFE10 /* LaunchScreen.storyboard in Resources */,
				DCB33363242F1E19006AFE10 /* Assets.xcassets in Resources */,
				DCB33361242F1E17006AFE10 /* Main.storyboard in Resources */,
			);
			runOnlyForDeploymentPostprocessing = 0;
		};
/* End PBXResourcesBuildPhase section */

/* Begin PBXSourcesBuildPhase section */
		DCB33352242F1E17006AFE10 /* Sources */ = {
			isa = PBXSourcesBuildPhase;
			buildActionMask = 2147483647;
			files = (
				DCB33373242F1E8D006AFE10 /* Articulo.swift in Sources */,
				DCB3335E242F1E17006AFE10 /* ViewController.swift in Sources */,
				DCB33377242F1F25006AFE10 /* NewArticuloViewController.swift in Sources */,
				DCB3335A242F1E17006AFE10 /* AppDelegate.swift in Sources */,
				DCB3337F242F2DE5006AFE10 /* Date+formatter.swift in Sources */,
				DCB3335C242F1E17006AFE10 /* SceneDelegate.swift in Sources */,
				DCB33375242F1ED1006AFE10 /* ArticuloListViewController.swift in Sources */,
				DCB3337A242F1F91006AFE10 /* ArticuloTableViewCell.swift in Sources */,
			);
			runOnlyForDeploymentPostprocessing = 0;
		};
/* End PBXSourcesBuildPhase section */

/* Begin PBXVariantGroup section */
		DCB3335F242F1E17006AFE10 /* Main.storyboard */ = {
			isa = PBXVariantGroup;
			children = (
				DCB33360242F1E17006AFE10 /* Base */,
			);
			name = Main.storyboard;
			sourceTree = "<group>";
		};
		DCB33364242F1E19006AFE10 /* LaunchScreen.storyboard */ = {
			isa = PBXVariantGroup;
			children = (
				DCB33365242F1E19006AFE10 /* Base */,
			);
			name = LaunchScreen.storyboard;
			sourceTree = "<group>";
		};
/* End PBXVariantGroup section */

/* Begin XCBuildConfiguration section */
		DCB33368242F1E19006AFE10 /* Debug */ = {
			isa = XCBuildConfiguration;
			buildSettings = {
				ALWAYS_SEARCH_USER_PATHS = NO;
				CLANG_ANALYZER_NONNULL = YES;
				CLANG_ANALYZER_NUMBER_OBJECT_CONVERSION = YES_AGGRESSIVE;
				CLANG_CXX_LANGUAGE_STANDARD = "gnu++14";
				CLANG_CXX_LIBRARY = "libc++";
				CLANG_ENABLE_MODULES = YES;
				CLANG_ENABLE_OBJC_ARC = YES;
				CLANG_ENABLE_OBJC_WEAK = YES;
				CLANG_WARN_BLOCK_CAPTURE_AUTORELEASING = YES;
				CLANG_WARN_BOOL_CONVERSION = YES;
				CLANG_WARN_COMMA = YES;
				CLANG_WARN_CONSTANT_CONVERSION = YES;
				CLANG_WARN_DEPRECATED_OBJC_IMPLEMENTATIONS = YES;
				CLANG_WARN_DIRECT_OBJC_ISA_USAGE = YES_ERROR;
				CLANG_WARN_DOCUMENTATION_COMMENTS = YES;
				CLANG_WARN_EMPTY_BODY = YES;
				CLANG_WARN_ENUM_CONVERSION = YES;
				CLANG_WARN_INFINITE_RECURSION = YES;
				CLANG_WARN_INT_CONVERSION = YES;
				CLANG_WARN_NON_LITERAL_NULL_CONVERSION = YES;
				CLANG_WARN_OBJC_IMPLICIT_RETAIN_SELF = YES;
				CLANG_WARN_OBJC_LITERAL_CONVERSION = YES;
				CLANG_WARN_OBJC_ROOT_CLASS = YES_ERROR;
				CLANG_WARN_RANGE_LOOP_ANALYSIS = YES;
				CLANG_WARN_STRICT_PROTOTYPES = YES;
				CLANG_WARN_SUSPICIOUS_MOVE = YES;
				CLANG_WARN_UNGUARDED_AVAILABILITY = YES_AGGRESSIVE;
				CLANG_WARN_UNREACHABLE_CODE = YES;
				CLANG_WARN__DUPLICATE_METHOD_MATCH = YES;
				COPY_PHASE_STRIP = NO;
				DEBUG_INFORMATION_FORMAT = dwarf;
				ENABLE_STRICT_OBJC_MSGSEND = YES;
				ENABLE_TESTABILITY = YES;
				GCC_C_LANGUAGE_STANDARD = gnu11;
				GCC_DYNAMIC_NO_PIC = NO;
				GCC_NO_COMMON_BLOCKS = YES;
				GCC_OPTIMIZATION_LEVEL = 0;
				GCC_PREPROCESSOR_DEFINITIONS = (
					"DEBUG=1",
					"$(inherited)",
				);
				GCC_WARN_64_TO_32_BIT_CONVERSION = YES;
				GCC_WARN_ABOUT_RETURN_TYPE = YES_ERROR;
				GCC_WARN_UNDECLARED_SELECTOR = YES;
				GCC_WARN_UNINITIALIZED_AUTOS = YES_AGGRESSIVE;
				GCC_WARN_UNUSED_FUNCTION = YES;
				GCC_WARN_UNUSED_VARIABLE = YES;
				IPHONEOS_DEPLOYMENT_TARGET = 13.2;
				MTL_ENABLE_DEBUG_INFO = INCLUDE_SOURCE;
				MTL_FAST_MATH = YES;
				ONLY_ACTIVE_ARCH = YES;
				SDKROOT = iphoneos;
				SWIFT_ACTIVE_COMPILATION_CONDITIONS = DEBUG;
				SWIFT_OPTIMIZATION_LEVEL = "-Onone";
			};
			name = Debug;
		};
		DCB33369242F1E19006AFE10 /* Release */ = {
			isa = XCBuildConfiguration;
			buildSettings = {
				ALWAYS_SEARCH_USER_PATHS = NO;
				CLANG_ANALYZER_NONNULL = YES;
				CLANG_ANALYZER_NUMBER_OBJECT_CONVERSION = YES_AGGRESSIVE;
				CLANG_CXX_LANGUAGE_STANDARD = "gnu++14";
				CLANG_CXX_LIBRARY = "libc++";
				CLANG_ENABLE_MODULES = YES;
				CLANG_ENABLE_OBJC_ARC = YES;
				CLANG_ENABLE_OBJC_WEAK = YES;
				CLANG_WARN_BLOCK_CAPTURE_AUTORELEASING = YES;
				CLANG_WARN_BOOL_CONVERSION = YES;
				CLANG_WARN_COMMA = YES;
				CLANG_WARN_CONSTANT_CONVERSION = YES;
				CLANG_WARN_DEPRECATED_OBJC_IMPLEMENTATIONS = YES;
				CLANG_WARN_DIRECT_OBJC_ISA_USAGE = YES_ERROR;
				CLANG_WARN_DOCUMENTATION_COMMENTS = YES;
				CLANG_WARN_EMPTY_BODY = YES;
				CLANG_WARN_ENUM_CONVERSION = YES;
				CLANG_WARN_INFINITE_RECURSION = YES;
				CLANG_WARN_INT_CONVERSION = YES;
				CLANG_WARN_NON_LITERAL_NULL_CONVERSION = YES;
				CLANG_WARN_OBJC_IMPLICIT_RETAIN_SELF = YES;
				CLANG_WARN_OBJC_LITERAL_CONVERSION = YES;
				CLANG_WARN_OBJC_ROOT_CLASS = YES_ERROR;
				CLANG_WARN_RANGE_LOOP_ANALYSIS = YES;
				CLANG_WARN_STRICT_PROTOTYPES = YES;
				CLANG_WARN_SUSPICIOUS_MOVE = YES;
				CLANG_WARN_UNGUARDED_AVAILABILITY = YES_AGGRESSIVE;
				CLANG_WARN_UNREACHABLE_CODE = YES;
				CLANG_WARN__DUPLICATE_METHOD_MATCH = YES;
				COPY_PHASE_STRIP = NO;
				DEBUG_INFORMATION_FORMAT = "dwarf-with-dsym";
				ENABLE_NS_ASSERTIONS = NO;
				ENABLE_STRICT_OBJC_MSGSEND = YES;
				GCC_C_LANGUAGE_STANDARD = gnu11;
				GCC_NO_COMMON_BLOCKS = YES;
				GCC_WARN_64_TO_32_BIT_CONVERSION = YES;
				GCC_WARN_ABOUT_RETURN_TYPE = YES_ERROR;
				GCC_WARN_UNDECLARED_SELECTOR = YES;
				GCC_WARN_UNINITIALIZED_AUTOS = YES_AGGRESSIVE;
				GCC_WARN_UNUSED_FUNCTION = YES;
				GCC_WARN_UNUSED_VARIABLE = YES;
				IPHONEOS_DEPLOYMENT_TARGET = 13.2;
				MTL_ENABLE_DEBUG_INFO = NO;
				MTL_FAST_MATH = YES;
				SDKROOT = iphoneos;
				SWIFT_COMPILATION_MODE = wholemodule;
				SWIFT_OPTIMIZATION_LEVEL = "-O";
				VALIDATE_PRODUCT = YES;
			};
			name = Release;
		};
		DCB3336B242F1E19006AFE10 /* Debug */ = {
			isa = XCBuildConfiguration;
			buildSettings = {
				ASSETCATALOG_COMPILER_APPICON_NAME = AppIcon;
				CODE_SIGN_STYLE = Automatic;
				INFOPLIST_FILE = "Tarea#3/Info.plist";
				LD_RUNPATH_SEARCH_PATHS = (
					"$(inherited)",
					"@executable_path/Frameworks",
				);
				PRODUCT_BUNDLE_IDENTIFIER = "com.ldz.tarea3.Tarea-3";
				PRODUCT_NAME = "$(TARGET_NAME)";
				SWIFT_VERSION = 5.0;
				TARGETED_DEVICE_FAMILY = "1,2";
			};
			name = Debug;
		};
		DCB3336C242F1E19006AFE10 /* Release */ = {
			isa = XCBuildConfiguration;
			buildSettings = {
				ASSETCATALOG_COMPILER_APPICON_NAME = AppIcon;
				CODE_SIGN_STYLE = Automatic;
				INFOPLIST_FILE = "Tarea#3/Info.plist";
				LD_RUNPATH_SEARCH_PATHS = (
					"$(inherited)",
					"@executable_path/Frameworks",
				);
				PRODUCT_BUNDLE_IDENTIFIER = "com.ldz.tarea3.Tarea-3";
				PRODUCT_NAME = "$(TARGET_NAME)";
				SWIFT_VERSION = 5.0;
				TARGETED_DEVICE_FAMILY = "1,2";
			};
			name = Release;
		};
/* End XCBuildConfiguration section */

/* Begin XCConfigurationList section */
		DCB33351242F1E17006AFE10 /* Build configuration list for PBXProject "Tarea#3" */ = {
			isa = XCConfigurationList;
			buildConfigurations = (
				DCB33368242F1E19006AFE10 /* Debug */,
				DCB33369242F1E19006AFE10 /* Release */,
			);
			defaultConfigurationIsVisible = 0;
			defaultConfigurationName = Release;
		};
		DCB3336A242F1E19006AFE10 /* Build configuration list for PBXNativeTarget "Tarea#3" */ = {
			isa = XCConfigurationList;
			buildConfigurations = (
				DCB3336B242F1E19006AFE10 /* Debug */,
				DCB3336C242F1E19006AFE10 /* Release */,
			);
			defaultConfigurationIsVisible = 0;
			defaultConfigurationName = Release;
		};
/* End XCConfigurationList section */
	};
	rootObject = DCB3334E242F1E17006AFE10 /* Project object */;
}
