// !$*UTF8*$!
{
	archiveVersion = 1;
	classes = {
	};
	objectVersion = 51;
	objects = {

/* Begin PBXBuildFile section */
		055980912AA3DE0BA3034F90 /* Pods_AsignacionAdicional.framework in Frameworks */ = {isa = PBXBuildFile; fileRef = 72FB0C4995DD7C1FDDCE3512 /* Pods_AsignacionAdicional.framework */; };
		DC12798124426F7D00565C10 /* animalListViewController.swift in Sources */ = {isa = PBXBuildFile; fileRef = DC12798024426F7D00565C10 /* animalListViewController.swift */; };
		DC12798324426FB500565C10 /* addAnimalViewController.swift in Sources */ = {isa = PBXBuildFile; fileRef = DC12798224426FB500565C10 /* addAnimalViewController.swift */; };
		DC12798524426FCF00565C10 /* Animal.swift in Sources */ = {isa = PBXBuildFile; fileRef = DC12798424426FCF00565C10 /* Animal.swift */; };
		DC12798824427EDB00565C10 /* RealmManager.swift in Sources */ = {isa = PBXBuildFile; fileRef = DC12798724427EDB00565C10 /* RealmManager.swift */; };
		DC12798B2442811E00565C10 /* AnimalTableViewCell.swift in Sources */ = {isa = PBXBuildFile; fileRef = DC1279892442811E00565C10 /* AnimalTableViewCell.swift */; };
		DC12798C2442811E00565C10 /* AnimalTableViewCell.xib in Resources */ = {isa = PBXBuildFile; fileRef = DC12798A2442811E00565C10 /* AnimalTableViewCell.xib */; };
		DCD31ECA243837B6002566B7 /* AppDelegate.swift in Sources */ = {isa = PBXBuildFile; fileRef = DCD31EC9243837B6002566B7 /* AppDelegate.swift */; };
		DCD31ECC243837B6002566B7 /* SceneDelegate.swift in Sources */ = {isa = PBXBuildFile; fileRef = DCD31ECB243837B6002566B7 /* SceneDelegate.swift */; };
		DCD31ECE243837B6002566B7 /* ViewController.swift in Sources */ = {isa = PBXBuildFile; fileRef = DCD31ECD243837B6002566B7 /* ViewController.swift */; };
		DCD31ED1243837B6002566B7 /* Main.storyboard in Resources */ = {isa = PBXBuildFile; fileRef = DCD31ECF243837B6002566B7 /* Main.storyboard */; };
		DCD31ED3243837BA002566B7 /* Assets.xcassets in Resources */ = {isa = PBXBuildFile; fileRef = DCD31ED2243837BA002566B7 /* Assets.xcassets */; };
		DCD31ED6243837BA002566B7 /* LaunchScreen.storyboard in Resources */ = {isa = PBXBuildFile; fileRef = DCD31ED4243837BA002566B7 /* LaunchScreen.storyboard */; };
/* End PBXBuildFile section */

/* Begin PBXFileReference section */
		176F9A0596122E6BE7DC2CE9 /* Pods-AsignacionAdicional.debug.xcconfig */ = {isa = PBXFileReference; includeInIndex = 1; lastKnownFileType = text.xcconfig; name = "Pods-AsignacionAdicional.debug.xcconfig"; path = "Target Support Files/Pods-AsignacionAdicional/Pods-AsignacionAdicional.debug.xcconfig"; sourceTree = "<group>"; };
		44DA9EBFE345E6ECDEBCE5ED /* Pods-AsignacionAdicional.release.xcconfig */ = {isa = PBXFileReference; includeInIndex = 1; lastKnownFileType = text.xcconfig; name = "Pods-AsignacionAdicional.release.xcconfig"; path = "Target Support Files/Pods-AsignacionAdicional/Pods-AsignacionAdicional.release.xcconfig"; sourceTree = "<group>"; };
		72FB0C4995DD7C1FDDCE3512 /* Pods_AsignacionAdicional.framework */ = {isa = PBXFileReference; explicitFileType = wrapper.framework; includeInIndex = 0; path = Pods_AsignacionAdicional.framework; sourceTree = BUILT_PRODUCTS_DIR; };
		DC12798024426F7D00565C10 /* animalListViewController.swift */ = {isa = PBXFileReference; lastKnownFileType = sourcecode.swift; path = animalListViewController.swift; sourceTree = "<group>"; };
		DC12798224426FB500565C10 /* addAnimalViewController.swift */ = {isa = PBXFileReference; lastKnownFileType = sourcecode.swift; path = addAnimalViewController.swift; sourceTree = "<group>"; };
		DC12798424426FCF00565C10 /* Animal.swift */ = {isa = PBXFileReference; lastKnownFileType = sourcecode.swift; path = Animal.swift; sourceTree = "<group>"; };
		DC12798724427EDB00565C10 /* RealmManager.swift */ = {isa = PBXFileReference; lastKnownFileType = sourcecode.swift; path = RealmManager.swift; sourceTree = "<group>"; };
		DC1279892442811E00565C10 /* AnimalTableViewCell.swift */ = {isa = PBXFileReference; lastKnownFileType = sourcecode.swift; path = AnimalTableViewCell.swift; sourceTree = "<group>"; };
		DC12798A2442811E00565C10 /* AnimalTableViewCell.xib */ = {isa = PBXFileReference; lastKnownFileType = file.xib; path = AnimalTableViewCell.xib; sourceTree = "<group>"; };
		DCD31EC6243837B6002566B7 /* AsignacionAdicional.app */ = {isa = PBXFileReference; explicitFileType = wrapper.application; includeInIndex = 0; path = AsignacionAdicional.app; sourceTree = BUILT_PRODUCTS_DIR; };
		DCD31EC9243837B6002566B7 /* AppDelegate.swift */ = {isa = PBXFileReference; lastKnownFileType = sourcecode.swift; path = AppDelegate.swift; sourceTree = "<group>"; };
		DCD31ECB243837B6002566B7 /* SceneDelegate.swift */ = {isa = PBXFileReference; lastKnownFileType = sourcecode.swift; path = SceneDelegate.swift; sourceTree = "<group>"; };
		DCD31ECD243837B6002566B7 /* ViewController.swift */ = {isa = PBXFileReference; lastKnownFileType = sourcecode.swift; path = ViewController.swift; sourceTree = "<group>"; };
		DCD31ED0243837B6002566B7 /* Base */ = {isa = PBXFileReference; lastKnownFileType = file.storyboard; name = Base; path = Base.lproj/Main.storyboard; sourceTree = "<group>"; };
		DCD31ED2243837BA002566B7 /* Assets.xcassets */ = {isa = PBXFileReference; lastKnownFileType = folder.assetcatalog; path = Assets.xcassets; sourceTree = "<group>"; };
		DCD31ED5243837BA002566B7 /* Base */ = {isa = PBXFileReference; lastKnownFileType = file.storyboard; name = Base; path = Base.lproj/LaunchScreen.storyboard; sourceTree = "<group>"; };
		DCD31ED7243837BA002566B7 /* Info.plist */ = {isa = PBXFileReference; lastKnownFileType = text.plist.xml; path = Info.plist; sourceTree = "<group>"; };
/* End PBXFileReference section */

/* Begin PBXFrameworksBuildPhase section */
		DCD31EC3243837B6002566B7 /* Frameworks */ = {
			isa = PBXFrameworksBuildPhase;
			buildActionMask = 2147483647;
			files = (
				055980912AA3DE0BA3034F90 /* Pods_AsignacionAdicional.framework in Frameworks */,
			);
			runOnlyForDeploymentPostprocessing = 0;
		};
/* End PBXFrameworksBuildPhase section */

/* Begin PBXGroup section */
		6DE94DE75F273A836A23CAE9 /* Frameworks */ = {
			isa = PBXGroup;
			children = (
				72FB0C4995DD7C1FDDCE3512 /* Pods_AsignacionAdicional.framework */,
			);
			name = Frameworks;
			sourceTree = "<group>";
		};
		9FB759DF19676D9516756B70 /* Pods */ = {
			isa = PBXGroup;
			children = (
				176F9A0596122E6BE7DC2CE9 /* Pods-AsignacionAdicional.debug.xcconfig */,
				44DA9EBFE345E6ECDEBCE5ED /* Pods-AsignacionAdicional.release.xcconfig */,
			);
			path = Pods;
			sourceTree = "<group>";
		};
		DC12797D24426F3600565C10 /* Model */ = {
			isa = PBXGroup;
			children = (
				DC12798424426FCF00565C10 /* Animal.swift */,
			);
			path = Model;
			sourceTree = "<group>";
		};
		DC12797E24426F3C00565C10 /* Controller */ = {
			isa = PBXGroup;
			children = (
				DC12798024426F7D00565C10 /* animalListViewController.swift */,
				DC12798224426FB500565C10 /* addAnimalViewController.swift */,
			);
			path = Controller;
			sourceTree = "<group>";
		};
		DC12797F24426F4200565C10 /* CustomCell */ = {
			isa = PBXGroup;
			children = (
				DC1279892442811E00565C10 /* AnimalTableViewCell.swift */,
				DC12798A2442811E00565C10 /* AnimalTableViewCell.xib */,
			);
			path = CustomCell;
			sourceTree = "<group>";
		};
		DC12798624427EC900565C10 /* Manager */ = {
			isa = PBXGroup;
			children = (
				DC12798724427EDB00565C10 /* RealmManager.swift */,
			);
			path = Manager;
			sourceTree = "<group>";
		};
		DCD31EBD243837B6002566B7 = {
			isa = PBXGroup;
			children = (
				DCD31EC8243837B6002566B7 /* AsignacionAdicional */,
				DCD31EC7243837B6002566B7 /* Products */,
				9FB759DF19676D9516756B70 /* Pods */,
				6DE94DE75F273A836A23CAE9 /* Frameworks */,
			);
			sourceTree = "<group>";
		};
		DCD31EC7243837B6002566B7 /* Products */ = {
			isa = PBXGroup;
			children = (
				DCD31EC6243837B6002566B7 /* AsignacionAdicional.app */,
			);
			name = Products;
			sourceTree = "<group>";
		};
		DCD31EC8243837B6002566B7 /* AsignacionAdicional */ = {
			isa = PBXGroup;
			children = (
				DC12798624427EC900565C10 /* Manager */,
				DC12797F24426F4200565C10 /* CustomCell */,
				DC12797E24426F3C00565C10 /* Controller */,
				DC12797D24426F3600565C10 /* Model */,
				DCD31EC9243837B6002566B7 /* AppDelegate.swift */,
				DCD31ECB243837B6002566B7 /* SceneDelegate.swift */,
				DCD31ECD243837B6002566B7 /* ViewController.swift */,
				DCD31ECF243837B6002566B7 /* Main.storyboard */,
				DCD31ED2243837BA002566B7 /* Assets.xcassets */,
				DCD31ED4243837BA002566B7 /* LaunchScreen.storyboard */,
				DCD31ED7243837BA002566B7 /* Info.plist */,
			);
			path = AsignacionAdicional;
			sourceTree = "<group>";
		};
/* End PBXGroup section */

/* Begin PBXNativeTarget section */
		DCD31EC5243837B6002566B7 /* AsignacionAdicional */ = {
			isa = PBXNativeTarget;
			buildConfigurationList = DCD31EDA243837BA002566B7 /* Build configuration list for PBXNativeTarget "AsignacionAdicional" */;
			buildPhases = (
				6B367B42C47BAB28C9F741DF /* [CP] Check Pods Manifest.lock */,
				DCD31EC2243837B6002566B7 /* Sources */,
				DCD31EC3243837B6002566B7 /* Frameworks */,
				DCD31EC4243837B6002566B7 /* Resources */,
				A079CA0AD0F5637FCE14614F /* [CP] Embed Pods Frameworks */,
			);
			buildRules = (
			);
			dependencies = (
			);
			name = AsignacionAdicional;
			productName = AsignacionAdicional;
			productReference = DCD31EC6243837B6002566B7 /* AsignacionAdicional.app */;
			productType = "com.apple.product-type.application";
		};
/* End PBXNativeTarget section */

/* Begin PBXProject section */
		DCD31EBE243837B6002566B7 /* Project object */ = {
			isa = PBXProject;
			attributes = {
				LastSwiftUpdateCheck = 1130;
				LastUpgradeCheck = 1130;
				ORGANIZATIONNAME = "Pedro Ledezma";
				TargetAttributes = {
					DCD31EC5243837B6002566B7 = {
						CreatedOnToolsVersion = 11.3.1;
					};
				};
			};
			buildConfigurationList = DCD31EC1243837B6002566B7 /* Build configuration list for PBXProject "AsignacionAdicional" */;
			compatibilityVersion = "Xcode 9.3";
			developmentRegion = en;
			hasScannedForEncodings = 0;
			knownRegions = (
				en,
				Base,
			);
			mainGroup = DCD31EBD243837B6002566B7;
			productRefGroup = DCD31EC7243837B6002566B7 /* Products */;
			projectDirPath = "";
			projectRoot = "";
			targets = (
				DCD31EC5243837B6002566B7 /* AsignacionAdicional */,
			);
		};
/* End PBXProject section */

/* Begin PBXResourcesBuildPhase section */
		DCD31EC4243837B6002566B7 /* Resources */ = {
			isa = PBXResourcesBuildPhase;
			buildActionMask = 2147483647;
			files = (
				DCD31ED6243837BA002566B7 /* LaunchScreen.storyboard in Resources */,
				DC12798C2442811E00565C10 /* AnimalTableViewCell.xib in Resources */,
				DCD31ED3243837BA002566B7 /* Assets.xcassets in Resources */,
				DCD31ED1243837B6002566B7 /* Main.storyboard in Resources */,
			);
			runOnlyForDeploymentPostprocessing = 0;
		};
/* End PBXResourcesBuildPhase section */

/* Begin PBXShellScriptBuildPhase section */
		6B367B42C47BAB28C9F741DF /* [CP] Check Pods Manifest.lock */ = {
			isa = PBXShellScriptBuildPhase;
			buildActionMask = 2147483647;
			files = (
			);
			inputFileListPaths = (
			);
			inputPaths = (
				"${PODS_PODFILE_DIR_PATH}/Podfile.lock",
				"${PODS_ROOT}/Manifest.lock",
			);
			name = "[CP] Check Pods Manifest.lock";
			outputFileListPaths = (
			);
			outputPaths = (
				"$(DERIVED_FILE_DIR)/Pods-AsignacionAdicional-checkManifestLockResult.txt",
			);
			runOnlyForDeploymentPostprocessing = 0;
			shellPath = /bin/sh;
			shellScript = "diff \"${PODS_PODFILE_DIR_PATH}/Podfile.lock\" \"${PODS_ROOT}/Manifest.lock\" > /dev/null\nif [ $? != 0 ] ; then\n    # print error to STDERR\n    echo \"error: The sandbox is not in sync with the Podfile.lock. Run 'pod install' or update your CocoaPods installation.\" >&2\n    exit 1\nfi\n# This output is used by Xcode 'outputs' to avoid re-running this script phase.\necho \"SUCCESS\" > \"${SCRIPT_OUTPUT_FILE_0}\"\n";
			showEnvVarsInLog = 0;
		};
		A079CA0AD0F5637FCE14614F /* [CP] Embed Pods Frameworks */ = {
			isa = PBXShellScriptBuildPhase;
			buildActionMask = 2147483647;
			files = (
			);
			inputFileListPaths = (
				"${PODS_ROOT}/Target Support Files/Pods-AsignacionAdicional/Pods-AsignacionAdicional-frameworks-${CONFIGURATION}-input-files.xcfilelist",
			);
			name = "[CP] Embed Pods Frameworks";
			outputFileListPaths = (
				"${PODS_ROOT}/Target Support Files/Pods-AsignacionAdicional/Pods-AsignacionAdicional-frameworks-${CONFIGURATION}-output-files.xcfilelist",
			);
			runOnlyForDeploymentPostprocessing = 0;
			shellPath = /bin/sh;
			shellScript = "\"${PODS_ROOT}/Target Support Files/Pods-AsignacionAdicional/Pods-AsignacionAdicional-frameworks.sh\"\n";
			showEnvVarsInLog = 0;
		};
/* End PBXShellScriptBuildPhase section */

/* Begin PBXSourcesBuildPhase section */
		DCD31EC2243837B6002566B7 /* Sources */ = {
			isa = PBXSourcesBuildPhase;
			buildActionMask = 2147483647;
			files = (
				DC12798324426FB500565C10 /* addAnimalViewController.swift in Sources */,
				DC12798B2442811E00565C10 /* AnimalTableViewCell.swift in Sources */,
				DCD31ECE243837B6002566B7 /* ViewController.swift in Sources */,
				DCD31ECA243837B6002566B7 /* AppDelegate.swift in Sources */,
				DC12798124426F7D00565C10 /* animalListViewController.swift in Sources */,
				DCD31ECC243837B6002566B7 /* SceneDelegate.swift in Sources */,
				DC12798824427EDB00565C10 /* RealmManager.swift in Sources */,
				DC12798524426FCF00565C10 /* Animal.swift in Sources */,
			);
			runOnlyForDeploymentPostprocessing = 0;
		};
/* End PBXSourcesBuildPhase section */

/* Begin PBXVariantGroup section */
		DCD31ECF243837B6002566B7 /* Main.storyboard */ = {
			isa = PBXVariantGroup;
			children = (
				DCD31ED0243837B6002566B7 /* Base */,
			);
			name = Main.storyboard;
			sourceTree = "<group>";
		};
		DCD31ED4243837BA002566B7 /* LaunchScreen.storyboard */ = {
			isa = PBXVariantGroup;
			children = (
				DCD31ED5243837BA002566B7 /* Base */,
			);
			name = LaunchScreen.storyboard;
			sourceTree = "<group>";
		};
/* End PBXVariantGroup section */

/* Begin XCBuildConfiguration section */
		DCD31ED8243837BA002566B7 /* Debug */ = {
			isa = XCBuildConfiguration;
			buildSettings = {
				ALWAYS_SEARCH_USER_PATHS = NO;
				CLANG_ANALYZER_NONNULL = YES;
				CLANG_ANALYZER_NUMBER_OBJECT_CONVERSION = YES_AGGRESSIVE;
				CLANG_CXX_LANGUAGE_STANDARD = "gnu++14";
				CLANG_CXX_LIBRARY = "libc++";
				CLANG_ENABLE_MODULES = YES;
				CLANG_ENABLE_OBJC_ARC = YES;
				CLANG_ENABLE_OBJC_WEAK = YES;
				CLANG_WARN_BLOCK_CAPTURE_AUTORELEASING = YES;
				CLANG_WARN_BOOL_CONVERSION = YES;
				CLANG_WARN_COMMA = YES;
				CLANG_WARN_CONSTANT_CONVERSION = YES;
				CLANG_WARN_DEPRECATED_OBJC_IMPLEMENTATIONS = YES;
				CLANG_WARN_DIRECT_OBJC_ISA_USAGE = YES_ERROR;
				CLANG_WARN_DOCUMENTATION_COMMENTS = YES;
				CLANG_WARN_EMPTY_BODY = YES;
				CLANG_WARN_ENUM_CONVERSION = YES;
				CLANG_WARN_INFINITE_RECURSION = YES;
				CLANG_WARN_INT_CONVERSION = YES;
				CLANG_WARN_NON_LITERAL_NULL_CONVERSION = YES;
				CLANG_WARN_OBJC_IMPLICIT_RETAIN_SELF = YES;
				CLANG_WARN_OBJC_LITERAL_CONVERSION = YES;
				CLANG_WARN_OBJC_ROOT_CLASS = YES_ERROR;
				CLANG_WARN_RANGE_LOOP_ANALYSIS = YES;
				CLANG_WARN_STRICT_PROTOTYPES = YES;
				CLANG_WARN_SUSPICIOUS_MOVE = YES;
				CLANG_WARN_UNGUARDED_AVAILABILITY = YES_AGGRESSIVE;
				CLANG_WARN_UNREACHABLE_CODE = YES;
				CLANG_WARN__DUPLICATE_METHOD_MATCH = YES;
				COPY_PHASE_STRIP = NO;
				DEBUG_INFORMATION_FORMAT = dwarf;
				ENABLE_STRICT_OBJC_MSGSEND = YES;
				ENABLE_TESTABILITY = YES;
				GCC_C_LANGUAGE_STANDARD = gnu11;
				GCC_DYNAMIC_NO_PIC = NO;
				GCC_NO_COMMON_BLOCKS = YES;
				GCC_OPTIMIZATION_LEVEL = 0;
				GCC_PREPROCESSOR_DEFINITIONS = (
					"DEBUG=1",
					"$(inherited)",
				);
				GCC_WARN_64_TO_32_BIT_CONVERSION = YES;
				GCC_WARN_ABOUT_RETURN_TYPE = YES_ERROR;
				GCC_WARN_UNDECLARED_SELECTOR = YES;
				GCC_WARN_UNINITIALIZED_AUTOS = YES_AGGRESSIVE;
				GCC_WARN_UNUSED_FUNCTION = YES;
				GCC_WARN_UNUSED_VARIABLE = YES;
				IPHONEOS_DEPLOYMENT_TARGET = 13.2;
				MTL_ENABLE_DEBUG_INFO = INCLUDE_SOURCE;
				MTL_FAST_MATH = YES;
				ONLY_ACTIVE_ARCH = YES;
				SDKROOT = iphoneos;
				SWIFT_ACTIVE_COMPILATION_CONDITIONS = DEBUG;
				SWIFT_OPTIMIZATION_LEVEL = "-Onone";
			};
			name = Debug;
		};
		DCD31ED9243837BA002566B7 /* Release */ = {
			isa = XCBuildConfiguration;
			buildSettings = {
				ALWAYS_SEARCH_USER_PATHS = NO;
				CLANG_ANALYZER_NONNULL = YES;
				CLANG_ANALYZER_NUMBER_OBJECT_CONVERSION = YES_AGGRESSIVE;
				CLANG_CXX_LANGUAGE_STANDARD = "gnu++14";
				CLANG_CXX_LIBRARY = "libc++";
				CLANG_ENABLE_MODULES = YES;
				CLANG_ENABLE_OBJC_ARC = YES;
				CLANG_ENABLE_OBJC_WEAK = YES;
				CLANG_WARN_BLOCK_CAPTURE_AUTORELEASING = YES;
				CLANG_WARN_BOOL_CONVERSION = YES;
				CLANG_WARN_COMMA = YES;
				CLANG_WARN_CONSTANT_CONVERSION = YES;
				CLANG_WARN_DEPRECATED_OBJC_IMPLEMENTATIONS = YES;
				CLANG_WARN_DIRECT_OBJC_ISA_USAGE = YES_ERROR;
				CLANG_WARN_DOCUMENTATION_COMMENTS = YES;
				CLANG_WARN_EMPTY_BODY = YES;
				CLANG_WARN_ENUM_CONVERSION = YES;
				CLANG_WARN_INFINITE_RECURSION = YES;
				CLANG_WARN_INT_CONVERSION = YES;
				CLANG_WARN_NON_LITERAL_NULL_CONVERSION = YES;
				CLANG_WARN_OBJC_IMPLICIT_RETAIN_SELF = YES;
				CLANG_WARN_OBJC_LITERAL_CONVERSION = YES;
				CLANG_WARN_OBJC_ROOT_CLASS = YES_ERROR;
				CLANG_WARN_RANGE_LOOP_ANALYSIS = YES;
				CLANG_WARN_STRICT_PROTOTYPES = YES;
				CLANG_WARN_SUSPICIOUS_MOVE = YES;
				CLANG_WARN_UNGUARDED_AVAILABILITY = YES_AGGRESSIVE;
				CLANG_WARN_UNREACHABLE_CODE = YES;
				CLANG_WARN__DUPLICATE_METHOD_MATCH = YES;
				COPY_PHASE_STRIP = NO;
				DEBUG_INFORMATION_FORMAT = "dwarf-with-dsym";
				ENABLE_NS_ASSERTIONS = NO;
				ENABLE_STRICT_OBJC_MSGSEND = YES;
				GCC_C_LANGUAGE_STANDARD = gnu11;
				GCC_NO_COMMON_BLOCKS = YES;
				GCC_WARN_64_TO_32_BIT_CONVERSION = YES;
				GCC_WARN_ABOUT_RETURN_TYPE = YES_ERROR;
				GCC_WARN_UNDECLARED_SELECTOR = YES;
				GCC_WARN_UNINITIALIZED_AUTOS = YES_AGGRESSIVE;
				GCC_WARN_UNUSED_FUNCTION = YES;
				GCC_WARN_UNUSED_VARIABLE = YES;
				IPHONEOS_DEPLOYMENT_TARGET = 13.2;
				MTL_ENABLE_DEBUG_INFO = NO;
				MTL_FAST_MATH = YES;
				SDKROOT = iphoneos;
				SWIFT_COMPILATION_MODE = wholemodule;
				SWIFT_OPTIMIZATION_LEVEL = "-O";
				VALIDATE_PRODUCT = YES;
			};
			name = Release;
		};
		DCD31EDB243837BA002566B7 /* Debug */ = {
			isa = XCBuildConfiguration;
			baseConfigurationReference = 176F9A0596122E6BE7DC2CE9 /* Pods-AsignacionAdicional.debug.xcconfig */;
			buildSettings = {
				ASSETCATALOG_COMPILER_APPICON_NAME = AppIcon;
				CODE_SIGN_IDENTITY = "Apple Development";
				CODE_SIGN_STYLE = Automatic;
				DEVELOPMENT_TEAM = C53V9WK5QQ;
				INFOPLIST_FILE = AsignacionAdicional/Info.plist;
				LD_RUNPATH_SEARCH_PATHS = (
					"$(inherited)",
					"@executable_path/Frameworks",
				);
				PRODUCT_BUNDLE_IDENTIFIER = com.ldz.AsignacionAdicional;
				PRODUCT_NAME = "$(TARGET_NAME)";
				PROVISIONING_PROFILE_SPECIFIER = "";
				SWIFT_VERSION = 5.0;
				TARGETED_DEVICE_FAMILY = "1,2";
			};
			name = Debug;
		};
		DCD31EDC243837BA002566B7 /* Release */ = {
			isa = XCBuildConfiguration;
			baseConfigurationReference = 44DA9EBFE345E6ECDEBCE5ED /* Pods-AsignacionAdicional.release.xcconfig */;
			buildSettings = {
				ASSETCATALOG_COMPILER_APPICON_NAME = AppIcon;
				CODE_SIGN_STYLE = Automatic;
				DEVELOPMENT_TEAM = C53V9WK5QQ;
				INFOPLIST_FILE = AsignacionAdicional/Info.plist;
				LD_RUNPATH_SEARCH_PATHS = (
					"$(inherited)",
					"@executable_path/Frameworks",
				);
				PRODUCT_BUNDLE_IDENTIFIER = com.ldz.AsignacionAdicional;
				PRODUCT_NAME = "$(TARGET_NAME)";
				SWIFT_VERSION = 5.0;
				TARGETED_DEVICE_FAMILY = "1,2";
			};
			name = Release;
		};
/* End XCBuildConfiguration section */

/* Begin XCConfigurationList section */
		DCD31EC1243837B6002566B7 /* Build configuration list for PBXProject "AsignacionAdicional" */ = {
			isa = XCConfigurationList;
			buildConfigurations = (
				DCD31ED8243837BA002566B7 /* Debug */,
				DCD31ED9243837BA002566B7 /* Release */,
			);
			defaultConfigurationIsVisible = 0;
			defaultConfigurationName = Release;
		};
		DCD31EDA243837BA002566B7 /* Build configuration list for PBXNativeTarget "AsignacionAdicional" */ = {
			isa = XCConfigurationList;
			buildConfigurations = (
				DCD31EDB243837BA002566B7 /* Debug */,
				DCD31EDC243837BA002566B7 /* Release */,
			);
			defaultConfigurationIsVisible = 0;
			defaultConfigurationName = Release;
		};
/* End XCConfigurationList section */
	};
	rootObject = DCD31EBE243837B6002566B7 /* Project object */;
}
