// !$*UTF8*$!
{
	archiveVersion = 1;
	classes = {
	};
	objectVersion = 50;
	objects = {

/* Begin PBXBuildFile section */
		DCB3338D242F9147006AFE10 /* AppDelegate.swift in Sources */ = {isa = PBXBuildFile; fileRef = DCB3338C242F9147006AFE10 /* AppDelegate.swift */; };
		DCB3338F242F9147006AFE10 /* SceneDelegate.swift in Sources */ = {isa = PBXBuildFile; fileRef = DCB3338E242F9147006AFE10 /* SceneDelegate.swift */; };
		DCB33391242F9147006AFE10 /* ViewController.swift in Sources */ = {isa = PBXBuildFile; fileRef = DCB33390242F9147006AFE10 /* ViewController.swift */; };
		DCB33394242F9147006AFE10 /* Main.storyboard in Resources */ = {isa = PBXBuildFile; fileRef = DCB33392242F9147006AFE10 /* Main.storyboard */; };
		DCB33396242F914A006AFE10 /* Assets.xcassets in Resources */ = {isa = PBXBuildFile; fileRef = DCB33395242F914A006AFE10 /* Assets.xcassets */; };
		DCB33399242F914A006AFE10 /* LaunchScreen.storyboard in Resources */ = {isa = PBXBuildFile; fileRef = DCB33397242F914A006AFE10 /* LaunchScreen.storyboard */; };
		DCB333A2242F916B006AFE10 /* TablaTableViewCell.swift in Sources */ = {isa = PBXBuildFile; fileRef = DCB333A0242F916B006AFE10 /* TablaTableViewCell.swift */; };
		DCB333A3242F916B006AFE10 /* TablaTableViewCell.xib in Resources */ = {isa = PBXBuildFile; fileRef = DCB333A1242F916B006AFE10 /* TablaTableViewCell.xib */; };
		DCB333A5242F91EE006AFE10 /* TablaViewController.swift in Sources */ = {isa = PBXBuildFile; fileRef = DCB333A4242F91EE006AFE10 /* TablaViewController.swift */; };
		DCB333A9242F9264006AFE10 /* Numero.swift in Sources */ = {isa = PBXBuildFile; fileRef = DCB333A8242F9264006AFE10 /* Numero.swift */; };
/* End PBXBuildFile section */

/* Begin PBXFileReference section */
		DCB33389242F9147006AFE10 /* tabla.app */ = {isa = PBXFileReference; explicitFileType = wrapper.application; includeInIndex = 0; path = tabla.app; sourceTree = BUILT_PRODUCTS_DIR; };
		DCB3338C242F9147006AFE10 /* AppDelegate.swift */ = {isa = PBXFileReference; lastKnownFileType = sourcecode.swift; path = AppDelegate.swift; sourceTree = "<group>"; };
		DCB3338E242F9147006AFE10 /* SceneDelegate.swift */ = {isa = PBXFileReference; lastKnownFileType = sourcecode.swift; path = SceneDelegate.swift; sourceTree = "<group>"; };
		DCB33390242F9147006AFE10 /* ViewController.swift */ = {isa = PBXFileReference; lastKnownFileType = sourcecode.swift; path = ViewController.swift; sourceTree = "<group>"; };
		DCB33393242F9147006AFE10 /* Base */ = {isa = PBXFileReference; lastKnownFileType = file.storyboard; name = Base; path = Base.lproj/Main.storyboard; sourceTree = "<group>"; };
		DCB33395242F914A006AFE10 /* Assets.xcassets */ = {isa = PBXFileReference; lastKnownFileType = folder.assetcatalog; path = Assets.xcassets; sourceTree = "<group>"; };
		DCB33398242F914A006AFE10 /* Base */ = {isa = PBXFileReference; lastKnownFileType = file.storyboard; name = Base; path = Base.lproj/LaunchScreen.storyboard; sourceTree = "<group>"; };
		DCB3339A242F914A006AFE10 /* Info.plist */ = {isa = PBXFileReference; lastKnownFileType = text.plist.xml; path = Info.plist; sourceTree = "<group>"; };
		DCB333A0242F916B006AFE10 /* TablaTableViewCell.swift */ = {isa = PBXFileReference; lastKnownFileType = sourcecode.swift; path = TablaTableViewCell.swift; sourceTree = "<group>"; };
		DCB333A1242F916B006AFE10 /* TablaTableViewCell.xib */ = {isa = PBXFileReference; lastKnownFileType = file.xib; path = TablaTableViewCell.xib; sourceTree = "<group>"; };
		DCB333A4242F91EE006AFE10 /* TablaViewController.swift */ = {isa = PBXFileReference; lastKnownFileType = sourcecode.swift; path = TablaViewController.swift; sourceTree = "<group>"; };
		DCB333A8242F9264006AFE10 /* Numero.swift */ = {isa = PBXFileReference; lastKnownFileType = sourcecode.swift; path = Numero.swift; sourceTree = "<group>"; };
/* End PBXFileReference section */

/* Begin PBXFrameworksBuildPhase section */
		DCB33386242F9147006AFE10 /* Frameworks */ = {
			isa = PBXFrameworksBuildPhase;
			buildActionMask = 2147483647;
			files = (
			);
			runOnlyForDeploymentPostprocessing = 0;
		};
/* End PBXFrameworksBuildPhase section */

/* Begin PBXGroup section */
		DCB33380242F9147006AFE10 = {
			isa = PBXGroup;
			children = (
				DCB3338B242F9147006AFE10 /* tabla */,
				DCB3338A242F9147006AFE10 /* Products */,
			);
			sourceTree = "<group>";
		};
		DCB3338A242F9147006AFE10 /* Products */ = {
			isa = PBXGroup;
			children = (
				DCB33389242F9147006AFE10 /* tabla.app */,
			);
			name = Products;
			sourceTree = "<group>";
		};
		DCB3338B242F9147006AFE10 /* tabla */ = {
			isa = PBXGroup;
			children = (
				DCB3338C242F9147006AFE10 /* AppDelegate.swift */,
				DCB3338E242F9147006AFE10 /* SceneDelegate.swift */,
				DCB33390242F9147006AFE10 /* ViewController.swift */,
				DCB33392242F9147006AFE10 /* Main.storyboard */,
				DCB33395242F914A006AFE10 /* Assets.xcassets */,
				DCB33397242F914A006AFE10 /* LaunchScreen.storyboard */,
				DCB3339A242F914A006AFE10 /* Info.plist */,
				DCB333A0242F916B006AFE10 /* TablaTableViewCell.swift */,
				DCB333A1242F916B006AFE10 /* TablaTableViewCell.xib */,
				DCB333A4242F91EE006AFE10 /* TablaViewController.swift */,
				DCB333A8242F9264006AFE10 /* Numero.swift */,
			);
			path = tabla;
			sourceTree = "<group>";
		};
/* End PBXGroup section */

/* Begin PBXNativeTarget section */
		DCB33388242F9147006AFE10 /* tabla */ = {
			isa = PBXNativeTarget;
			buildConfigurationList = DCB3339D242F914A006AFE10 /* Build configuration list for PBXNativeTarget "tabla" */;
			buildPhases = (
				DCB33385242F9147006AFE10 /* Sources */,
				DCB33386242F9147006AFE10 /* Frameworks */,
				DCB33387242F9147006AFE10 /* Resources */,
			);
			buildRules = (
			);
			dependencies = (
			);
			name = tabla;
			productName = tabla;
			productReference = DCB33389242F9147006AFE10 /* tabla.app */;
			productType = "com.apple.product-type.application";
		};
/* End PBXNativeTarget section */

/* Begin PBXProject section */
		DCB33381242F9147006AFE10 /* Project object */ = {
			isa = PBXProject;
			attributes = {
				LastSwiftUpdateCheck = 1130;
				LastUpgradeCheck = 1130;
				ORGANIZATIONNAME = "Pedro Ledezma";
				TargetAttributes = {
					DCB33388242F9147006AFE10 = {
						CreatedOnToolsVersion = 11.3.1;
					};
				};
			};
			buildConfigurationList = DCB33384242F9147006AFE10 /* Build configuration list for PBXProject "tabla" */;
			compatibilityVersion = "Xcode 9.3";
			developmentRegion = en;
			hasScannedForEncodings = 0;
			knownRegions = (
				en,
				Base,
			);
			mainGroup = DCB33380242F9147006AFE10;
			productRefGroup = DCB3338A242F9147006AFE10 /* Products */;
			projectDirPath = "";
			projectRoot = "";
			targets = (
				DCB33388242F9147006AFE10 /* tabla */,
			);
		};
/* End PBXProject section */

/* Begin PBXResourcesBuildPhase section */
		DCB33387242F9147006AFE10 /* Resources */ = {
			isa = PBXResourcesBuildPhase;
			buildActionMask = 2147483647;
			files = (
				DCB33399242F914A006AFE10 /* LaunchScreen.storyboard in Resources */,
				DCB33396242F914A006AFE10 /* Assets.xcassets in Resources */,
				DCB333A3242F916B006AFE10 /* TablaTableViewCell.xib in Resources */,
				DCB33394242F9147006AFE10 /* Main.storyboard in Resources */,
			);
			runOnlyForDeploymentPostprocessing = 0;
		};
/* End PBXResourcesBuildPhase section */

/* Begin PBXSourcesBuildPhase section */
		DCB33385242F9147006AFE10 /* Sources */ = {
			isa = PBXSourcesBuildPhase;
			buildActionMask = 2147483647;
			files = (
				DCB33391242F9147006AFE10 /* ViewController.swift in Sources */,
				DCB3338D242F9147006AFE10 /* AppDelegate.swift in Sources */,
				DCB333A2242F916B006AFE10 /* TablaTableViewCell.swift in Sources */,
				DCB3338F242F9147006AFE10 /* SceneDelegate.swift in Sources */,
				DCB333A5242F91EE006AFE10 /* TablaViewController.swift in Sources */,
				DCB333A9242F9264006AFE10 /* Numero.swift in Sources */,
			);
			runOnlyForDeploymentPostprocessing = 0;
		};
/* End PBXSourcesBuildPhase section */

/* Begin PBXVariantGroup section */
		DCB33392242F9147006AFE10 /* Main.storyboard */ = {
			isa = PBXVariantGroup;
			children = (
				DCB33393242F9147006AFE10 /* Base */,
			);
			name = Main.storyboard;
			sourceTree = "<group>";
		};
		DCB33397242F914A006AFE10 /* LaunchScreen.storyboard */ = {
			isa = PBXVariantGroup;
			children = (
				DCB33398242F914A006AFE10 /* Base */,
			);
			name = LaunchScreen.storyboard;
			sourceTree = "<group>";
		};
/* End PBXVariantGroup section */

/* Begin XCBuildConfiguration section */
		DCB3339B242F914A006AFE10 /* Debug */ = {
			isa = XCBuildConfiguration;
			buildSettings = {
				ALWAYS_SEARCH_USER_PATHS = NO;
				CLANG_ANALYZER_NONNULL = YES;
				CLANG_ANALYZER_NUMBER_OBJECT_CONVERSION = YES_AGGRESSIVE;
				CLANG_CXX_LANGUAGE_STANDARD = "gnu++14";
				CLANG_CXX_LIBRARY = "libc++";
				CLANG_ENABLE_MODULES = YES;
				CLANG_ENABLE_OBJC_ARC = YES;
				CLANG_ENABLE_OBJC_WEAK = YES;
				CLANG_WARN_BLOCK_CAPTURE_AUTORELEASING = YES;
				CLANG_WARN_BOOL_CONVERSION = YES;
				CLANG_WARN_COMMA = YES;
				CLANG_WARN_CONSTANT_CONVERSION = YES;
				CLANG_WARN_DEPRECATED_OBJC_IMPLEMENTATIONS = YES;
				CLANG_WARN_DIRECT_OBJC_ISA_USAGE = YES_ERROR;
				CLANG_WARN_DOCUMENTATION_COMMENTS = YES;
				CLANG_WARN_EMPTY_BODY = YES;
				CLANG_WARN_ENUM_CONVERSION = YES;
				CLANG_WARN_INFINITE_RECURSION = YES;
				CLANG_WARN_INT_CONVERSION = YES;
				CLANG_WARN_NON_LITERAL_NULL_CONVERSION = YES;
				CLANG_WARN_OBJC_IMPLICIT_RETAIN_SELF = YES;
				CLANG_WARN_OBJC_LITERAL_CONVERSION = YES;
				CLANG_WARN_OBJC_ROOT_CLASS = YES_ERROR;
				CLANG_WARN_RANGE_LOOP_ANALYSIS = YES;
				CLANG_WARN_STRICT_PROTOTYPES = YES;
				CLANG_WARN_SUSPICIOUS_MOVE = YES;
				CLANG_WARN_UNGUARDED_AVAILABILITY = YES_AGGRESSIVE;
				CLANG_WARN_UNREACHABLE_CODE = YES;
				CLANG_WARN__DUPLICATE_METHOD_MATCH = YES;
				COPY_PHASE_STRIP = NO;
				DEBUG_INFORMATION_FORMAT = dwarf;
				ENABLE_STRICT_OBJC_MSGSEND = YES;
				ENABLE_TESTABILITY = YES;
				GCC_C_LANGUAGE_STANDARD = gnu11;
				GCC_DYNAMIC_NO_PIC = NO;
				GCC_NO_COMMON_BLOCKS = YES;
				GCC_OPTIMIZATION_LEVEL = 0;
				GCC_PREPROCESSOR_DEFINITIONS = (
					"DEBUG=1",
					"$(inherited)",
				);
				GCC_WARN_64_TO_32_BIT_CONVERSION = YES;
				GCC_WARN_ABOUT_RETURN_TYPE = YES_ERROR;
				GCC_WARN_UNDECLARED_SELECTOR = YES;
				GCC_WARN_UNINITIALIZED_AUTOS = YES_AGGRESSIVE;
				GCC_WARN_UNUSED_FUNCTION = YES;
				GCC_WARN_UNUSED_VARIABLE = YES;
				IPHONEOS_DEPLOYMENT_TARGET = 13.2;
				MTL_ENABLE_DEBUG_INFO = INCLUDE_SOURCE;
				MTL_FAST_MATH = YES;
				ONLY_ACTIVE_ARCH = YES;
				SDKROOT = iphoneos;
				SWIFT_ACTIVE_COMPILATION_CONDITIONS = DEBUG;
				SWIFT_OPTIMIZATION_LEVEL = "-Onone";
			};
			name = Debug;
		};
		DCB3339C242F914A006AFE10 /* Release */ = {
			isa = XCBuildConfiguration;
			buildSettings = {
				ALWAYS_SEARCH_USER_PATHS = NO;
				CLANG_ANALYZER_NONNULL = YES;
				CLANG_ANALYZER_NUMBER_OBJECT_CONVERSION = YES_AGGRESSIVE;
				CLANG_CXX_LANGUAGE_STANDARD = "gnu++14";
				CLANG_CXX_LIBRARY = "libc++";
				CLANG_ENABLE_MODULES = YES;
				CLANG_ENABLE_OBJC_ARC = YES;
				CLANG_ENABLE_OBJC_WEAK = YES;
				CLANG_WARN_BLOCK_CAPTURE_AUTORELEASING = YES;
				CLANG_WARN_BOOL_CONVERSION = YES;
				CLANG_WARN_COMMA = YES;
				CLANG_WARN_CONSTANT_CONVERSION = YES;
				CLANG_WARN_DEPRECATED_OBJC_IMPLEMENTATIONS = YES;
				CLANG_WARN_DIRECT_OBJC_ISA_USAGE = YES_ERROR;
				CLANG_WARN_DOCUMENTATION_COMMENTS = YES;
				CLANG_WARN_EMPTY_BODY = YES;
				CLANG_WARN_ENUM_CONVERSION = YES;
				CLANG_WARN_INFINITE_RECURSION = YES;
				CLANG_WARN_INT_CONVERSION = YES;
				CLANG_WARN_NON_LITERAL_NULL_CONVERSION = YES;
				CLANG_WARN_OBJC_IMPLICIT_RETAIN_SELF = YES;
				CLANG_WARN_OBJC_LITERAL_CONVERSION = YES;
				CLANG_WARN_OBJC_ROOT_CLASS = YES_ERROR;
				CLANG_WARN_RANGE_LOOP_ANALYSIS = YES;
				CLANG_WARN_STRICT_PROTOTYPES = YES;
				CLANG_WARN_SUSPICIOUS_MOVE = YES;
				CLANG_WARN_UNGUARDED_AVAILABILITY = YES_AGGRESSIVE;
				CLANG_WARN_UNREACHABLE_CODE = YES;
				CLANG_WARN__DUPLICATE_METHOD_MATCH = YES;
				COPY_PHASE_STRIP = NO;
				DEBUG_INFORMATION_FORMAT = "dwarf-with-dsym";
				ENABLE_NS_ASSERTIONS = NO;
				ENABLE_STRICT_OBJC_MSGSEND = YES;
				GCC_C_LANGUAGE_STANDARD = gnu11;
				GCC_NO_COMMON_BLOCKS = YES;
				GCC_WARN_64_TO_32_BIT_CONVERSION = YES;
				GCC_WARN_ABOUT_RETURN_TYPE = YES_ERROR;
				GCC_WARN_UNDECLARED_SELECTOR = YES;
				GCC_WARN_UNINITIALIZED_AUTOS = YES_AGGRESSIVE;
				GCC_WARN_UNUSED_FUNCTION = YES;
				GCC_WARN_UNUSED_VARIABLE = YES;
				IPHONEOS_DEPLOYMENT_TARGET = 13.2;
				MTL_ENABLE_DEBUG_INFO = NO;
				MTL_FAST_MATH = YES;
				SDKROOT = iphoneos;
				SWIFT_COMPILATION_MODE = wholemodule;
				SWIFT_OPTIMIZATION_LEVEL = "-O";
				VALIDATE_PRODUCT = YES;
			};
			name = Release;
		};
		DCB3339E242F914A006AFE10 /* Debug */ = {
			isa = XCBuildConfiguration;
			buildSettings = {
				ASSETCATALOG_COMPILER_APPICON_NAME = AppIcon;
				CODE_SIGN_STYLE = Automatic;
				INFOPLIST_FILE = tabla/Info.plist;
				LD_RUNPATH_SEARCH_PATHS = (
					"$(inherited)",
					"@executable_path/Frameworks",
				);
				PRODUCT_BUNDLE_IDENTIFIER = com.ldz.tarea3.tabla;
				PRODUCT_NAME = "$(TARGET_NAME)";
				SWIFT_VERSION = 5.0;
				TARGETED_DEVICE_FAMILY = "1,2";
			};
			name = Debug;
		};
		DCB3339F242F914A006AFE10 /* Release */ = {
			isa = XCBuildConfiguration;
			buildSettings = {
				ASSETCATALOG_COMPILER_APPICON_NAME = AppIcon;
				CODE_SIGN_STYLE = Automatic;
				INFOPLIST_FILE = tabla/Info.plist;
				LD_RUNPATH_SEARCH_PATHS = (
					"$(inherited)",
					"@executable_path/Frameworks",
				);
				PRODUCT_BUNDLE_IDENTIFIER = com.ldz.tarea3.tabla;
				PRODUCT_NAME = "$(TARGET_NAME)";
				SWIFT_VERSION = 5.0;
				TARGETED_DEVICE_FAMILY = "1,2";
			};
			name = Release;
		};
/* End XCBuildConfiguration section */

/* Begin XCConfigurationList section */
		DCB33384242F9147006AFE10 /* Build configuration list for PBXProject "tabla" */ = {
			isa = XCConfigurationList;
			buildConfigurations = (
				DCB3339B242F914A006AFE10 /* Debug */,
				DCB3339C242F914A006AFE10 /* Release */,
			);
			defaultConfigurationIsVisible = 0;
			defaultConfigurationName = Release;
		};
		DCB3339D242F914A006AFE10 /* Build configuration list for PBXNativeTarget "tabla" */ = {
			isa = XCConfigurationList;
			buildConfigurations = (
				DCB3339E242F914A006AFE10 /* Debug */,
				DCB3339F242F914A006AFE10 /* Release */,
			);
			defaultConfigurationIsVisible = 0;
			defaultConfigurationName = Release;
		};
/* End XCConfigurationList section */
	};
	rootObject = DCB33381242F9147006AFE10 /* Project object */;
}
