// !$*UTF8*$!
{
	archiveVersion = 1;
	classes = {
	};
	objectVersion = 50;
	objects = {

/* Begin PBXBuildFile section */
		DCD9CBA42419E03200FBC664 /* AppDelegate.swift in Sources */ = {isa = PBXBuildFile; fileRef = DCD9CBA32419E03200FBC664 /* AppDelegate.swift */; };
		DCD9CBA62419E03200FBC664 /* SceneDelegate.swift in Sources */ = {isa = PBXBuildFile; fileRef = DCD9CBA52419E03200FBC664 /* SceneDelegate.swift */; };
		DCD9CBAB2419E03200FBC664 /* Main.storyboard in Resources */ = {isa = PBXBuildFile; fileRef = DCD9CBA92419E03200FBC664 /* Main.storyboard */; };
		DCD9CBAD2419E03300FBC664 /* Assets.xcassets in Resources */ = {isa = PBXBuildFile; fileRef = DCD9CBAC2419E03300FBC664 /* Assets.xcassets */; };
		DCD9CBB02419E03300FBC664 /* LaunchScreen.storyboard in Resources */ = {isa = PBXBuildFile; fileRef = DCD9CBAE2419E03300FBC664 /* LaunchScreen.storyboard */; };
		DCD9CBBA2419E0CD00FBC664 /* NumbersListViewController.swift in Sources */ = {isa = PBXBuildFile; fileRef = DCD9CBB92419E0CD00FBC664 /* NumbersListViewController.swift */; };
/* End PBXBuildFile section */

/* Begin PBXFileReference section */
		DCD9CBA02419E03200FBC664 /* cien.app */ = {isa = PBXFileReference; explicitFileType = wrapper.application; includeInIndex = 0; path = cien.app; sourceTree = BUILT_PRODUCTS_DIR; };
		DCD9CBA32419E03200FBC664 /* AppDelegate.swift */ = {isa = PBXFileReference; lastKnownFileType = sourcecode.swift; path = AppDelegate.swift; sourceTree = "<group>"; };
		DCD9CBA52419E03200FBC664 /* SceneDelegate.swift */ = {isa = PBXFileReference; lastKnownFileType = sourcecode.swift; path = SceneDelegate.swift; sourceTree = "<group>"; };
		DCD9CBAA2419E03200FBC664 /* Base */ = {isa = PBXFileReference; lastKnownFileType = file.storyboard; name = Base; path = Base.lproj/Main.storyboard; sourceTree = "<group>"; };
		DCD9CBAC2419E03300FBC664 /* Assets.xcassets */ = {isa = PBXFileReference; lastKnownFileType = folder.assetcatalog; path = Assets.xcassets; sourceTree = "<group>"; };
		DCD9CBAF2419E03300FBC664 /* Base */ = {isa = PBXFileReference; lastKnownFileType = file.storyboard; name = Base; path = Base.lproj/LaunchScreen.storyboard; sourceTree = "<group>"; };
		DCD9CBB12419E03300FBC664 /* Info.plist */ = {isa = PBXFileReference; lastKnownFileType = text.plist.xml; path = Info.plist; sourceTree = "<group>"; };
		DCD9CBB92419E0CD00FBC664 /* NumbersListViewController.swift */ = {isa = PBXFileReference; lastKnownFileType = sourcecode.swift; path = NumbersListViewController.swift; sourceTree = "<group>"; };
/* End PBXFileReference section */

/* Begin PBXFrameworksBuildPhase section */
		DCD9CB9D2419E03200FBC664 /* Frameworks */ = {
			isa = PBXFrameworksBuildPhase;
			buildActionMask = 2147483647;
			files = (
			);
			runOnlyForDeploymentPostprocessing = 0;
		};
/* End PBXFrameworksBuildPhase section */

/* Begin PBXGroup section */
		DCD9CB972419E03100FBC664 = {
			isa = PBXGroup;
			children = (
				DCD9CBA22419E03200FBC664 /* cien */,
				DCD9CBA12419E03200FBC664 /* Products */,
			);
			sourceTree = "<group>";
		};
		DCD9CBA12419E03200FBC664 /* Products */ = {
			isa = PBXGroup;
			children = (
				DCD9CBA02419E03200FBC664 /* cien.app */,
			);
			name = Products;
			sourceTree = "<group>";
		};
		DCD9CBA22419E03200FBC664 /* cien */ = {
			isa = PBXGroup;
			children = (
				DCD9CBA32419E03200FBC664 /* AppDelegate.swift */,
				DCD9CBA52419E03200FBC664 /* SceneDelegate.swift */,
				DCD9CBA92419E03200FBC664 /* Main.storyboard */,
				DCD9CBAC2419E03300FBC664 /* Assets.xcassets */,
				DCD9CBAE2419E03300FBC664 /* LaunchScreen.storyboard */,
				DCD9CBB12419E03300FBC664 /* Info.plist */,
				DCD9CBB92419E0CD00FBC664 /* NumbersListViewController.swift */,
			);
			path = cien;
			sourceTree = "<group>";
		};
/* End PBXGroup section */

/* Begin PBXNativeTarget section */
		DCD9CB9F2419E03200FBC664 /* cien */ = {
			isa = PBXNativeTarget;
			buildConfigurationList = DCD9CBB42419E03300FBC664 /* Build configuration list for PBXNativeTarget "cien" */;
			buildPhases = (
				DCD9CB9C2419E03200FBC664 /* Sources */,
				DCD9CB9D2419E03200FBC664 /* Frameworks */,
				DCD9CB9E2419E03200FBC664 /* Resources */,
			);
			buildRules = (
			);
			dependencies = (
			);
			name = cien;
			productName = cien;
			productReference = DCD9CBA02419E03200FBC664 /* cien.app */;
			productType = "com.apple.product-type.application";
		};
/* End PBXNativeTarget section */

/* Begin PBXProject section */
		DCD9CB982419E03100FBC664 /* Project object */ = {
			isa = PBXProject;
			attributes = {
				LastSwiftUpdateCheck = 1130;
				LastUpgradeCheck = 1130;
				ORGANIZATIONNAME = "Pedro Ledezma";
				TargetAttributes = {
					DCD9CB9F2419E03200FBC664 = {
						CreatedOnToolsVersion = 11.3.1;
					};
				};
			};
			buildConfigurationList = DCD9CB9B2419E03100FBC664 /* Build configuration list for PBXProject "cien" */;
			compatibilityVersion = "Xcode 9.3";
			developmentRegion = en;
			hasScannedForEncodings = 0;
			knownRegions = (
				en,
				Base,
			);
			mainGroup = DCD9CB972419E03100FBC664;
			productRefGroup = DCD9CBA12419E03200FBC664 /* Products */;
			projectDirPath = "";
			projectRoot = "";
			targets = (
				DCD9CB9F2419E03200FBC664 /* cien */,
			);
		};
/* End PBXProject section */

/* Begin PBXResourcesBuildPhase section */
		DCD9CB9E2419E03200FBC664 /* Resources */ = {
			isa = PBXResourcesBuildPhase;
			buildActionMask = 2147483647;
			files = (
				DCD9CBB02419E03300FBC664 /* LaunchScreen.storyboard in Resources */,
				DCD9CBAD2419E03300FBC664 /* Assets.xcassets in Resources */,
				DCD9CBAB2419E03200FBC664 /* Main.storyboard in Resources */,
			);
			runOnlyForDeploymentPostprocessing = 0;
		};
/* End PBXResourcesBuildPhase section */

/* Begin PBXSourcesBuildPhase section */
		DCD9CB9C2419E03200FBC664 /* Sources */ = {
			isa = PBXSourcesBuildPhase;
			buildActionMask = 2147483647;
			files = (
				DCD9CBBA2419E0CD00FBC664 /* NumbersListViewController.swift in Sources */,
				DCD9CBA42419E03200FBC664 /* AppDelegate.swift in Sources */,
				DCD9CBA62419E03200FBC664 /* SceneDelegate.swift in Sources */,
			);
			runOnlyForDeploymentPostprocessing = 0;
		};
/* End PBXSourcesBuildPhase section */

/* Begin PBXVariantGroup section */
		DCD9CBA92419E03200FBC664 /* Main.storyboard */ = {
			isa = PBXVariantGroup;
			children = (
				DCD9CBAA2419E03200FBC664 /* Base */,
			);
			name = Main.storyboard;
			sourceTree = "<group>";
		};
		DCD9CBAE2419E03300FBC664 /* LaunchScreen.storyboard */ = {
			isa = PBXVariantGroup;
			children = (
				DCD9CBAF2419E03300FBC664 /* Base */,
			);
			name = LaunchScreen.storyboard;
			sourceTree = "<group>";
		};
/* End PBXVariantGroup section */

/* Begin XCBuildConfiguration section */
		DCD9CBB22419E03300FBC664 /* Debug */ = {
			isa = XCBuildConfiguration;
			buildSettings = {
				ALWAYS_SEARCH_USER_PATHS = NO;
				CLANG_ANALYZER_NONNULL = YES;
				CLANG_ANALYZER_NUMBER_OBJECT_CONVERSION = YES_AGGRESSIVE;
				CLANG_CXX_LANGUAGE_STANDARD = "gnu++14";
				CLANG_CXX_LIBRARY = "libc++";
				CLANG_ENABLE_MODULES = YES;
				CLANG_ENABLE_OBJC_ARC = YES;
				CLANG_ENABLE_OBJC_WEAK = YES;
				CLANG_WARN_BLOCK_CAPTURE_AUTORELEASING = YES;
				CLANG_WARN_BOOL_CONVERSION = YES;
				CLANG_WARN_COMMA = YES;
				CLANG_WARN_CONSTANT_CONVERSION = YES;
				CLANG_WARN_DEPRECATED_OBJC_IMPLEMENTATIONS = YES;
				CLANG_WARN_DIRECT_OBJC_ISA_USAGE = YES_ERROR;
				CLANG_WARN_DOCUMENTATION_COMMENTS = YES;
				CLANG_WARN_EMPTY_BODY = YES;
				CLANG_WARN_ENUM_CONVERSION = YES;
				CLANG_WARN_INFINITE_RECURSION = YES;
				CLANG_WARN_INT_CONVERSION = YES;
				CLANG_WARN_NON_LITERAL_NULL_CONVERSION = YES;
				CLANG_WARN_OBJC_IMPLICIT_RETAIN_SELF = YES;
				CLANG_WARN_OBJC_LITERAL_CONVERSION = YES;
				CLANG_WARN_OBJC_ROOT_CLASS = YES_ERROR;
				CLANG_WARN_RANGE_LOOP_ANALYSIS = YES;
				CLANG_WARN_STRICT_PROTOTYPES = YES;
				CLANG_WARN_SUSPICIOUS_MOVE = YES;
				CLANG_WARN_UNGUARDED_AVAILABILITY = YES_AGGRESSIVE;
				CLANG_WARN_UNREACHABLE_CODE = YES;
				CLANG_WARN__DUPLICATE_METHOD_MATCH = YES;
				COPY_PHASE_STRIP = NO;
				DEBUG_INFORMATION_FORMAT = dwarf;
				ENABLE_STRICT_OBJC_MSGSEND = YES;
				ENABLE_TESTABILITY = YES;
				GCC_C_LANGUAGE_STANDARD = gnu11;
				GCC_DYNAMIC_NO_PIC = NO;
				GCC_NO_COMMON_BLOCKS = YES;
				GCC_OPTIMIZATION_LEVEL = 0;
				GCC_PREPROCESSOR_DEFINITIONS = (
					"DEBUG=1",
					"$(inherited)",
				);
				GCC_WARN_64_TO_32_BIT_CONVERSION = YES;
				GCC_WARN_ABOUT_RETURN_TYPE = YES_ERROR;
				GCC_WARN_UNDECLARED_SELECTOR = YES;
				GCC_WARN_UNINITIALIZED_AUTOS = YES_AGGRESSIVE;
				GCC_WARN_UNUSED_FUNCTION = YES;
				GCC_WARN_UNUSED_VARIABLE = YES;
				IPHONEOS_DEPLOYMENT_TARGET = 13.2;
				MTL_ENABLE_DEBUG_INFO = INCLUDE_SOURCE;
				MTL_FAST_MATH = YES;
				ONLY_ACTIVE_ARCH = YES;
				SDKROOT = iphoneos;
				SWIFT_ACTIVE_COMPILATION_CONDITIONS = DEBUG;
				SWIFT_OPTIMIZATION_LEVEL = "-Onone";
			};
			name = Debug;
		};
		DCD9CBB32419E03300FBC664 /* Release */ = {
			isa = XCBuildConfiguration;
			buildSettings = {
				ALWAYS_SEARCH_USER_PATHS = NO;
				CLANG_ANALYZER_NONNULL = YES;
				CLANG_ANALYZER_NUMBER_OBJECT_CONVERSION = YES_AGGRESSIVE;
				CLANG_CXX_LANGUAGE_STANDARD = "gnu++14";
				CLANG_CXX_LIBRARY = "libc++";
				CLANG_ENABLE_MODULES = YES;
				CLANG_ENABLE_OBJC_ARC = YES;
				CLANG_ENABLE_OBJC_WEAK = YES;
				CLANG_WARN_BLOCK_CAPTURE_AUTORELEASING = YES;
				CLANG_WARN_BOOL_CONVERSION = YES;
				CLANG_WARN_COMMA = YES;
				CLANG_WARN_CONSTANT_CONVERSION = YES;
				CLANG_WARN_DEPRECATED_OBJC_IMPLEMENTATIONS = YES;
				CLANG_WARN_DIRECT_OBJC_ISA_USAGE = YES_ERROR;
				CLANG_WARN_DOCUMENTATION_COMMENTS = YES;
				CLANG_WARN_EMPTY_BODY = YES;
				CLANG_WARN_ENUM_CONVERSION = YES;
				CLANG_WARN_INFINITE_RECURSION = YES;
				CLANG_WARN_INT_CONVERSION = YES;
				CLANG_WARN_NON_LITERAL_NULL_CONVERSION = YES;
				CLANG_WARN_OBJC_IMPLICIT_RETAIN_SELF = YES;
				CLANG_WARN_OBJC_LITERAL_CONVERSION = YES;
				CLANG_WARN_OBJC_ROOT_CLASS = YES_ERROR;
				CLANG_WARN_RANGE_LOOP_ANALYSIS = YES;
				CLANG_WARN_STRICT_PROTOTYPES = YES;
				CLANG_WARN_SUSPICIOUS_MOVE = YES;
				CLANG_WARN_UNGUARDED_AVAILABILITY = YES_AGGRESSIVE;
				CLANG_WARN_UNREACHABLE_CODE = YES;
				CLANG_WARN__DUPLICATE_METHOD_MATCH = YES;
				COPY_PHASE_STRIP = NO;
				DEBUG_INFORMATION_FORMAT = "dwarf-with-dsym";
				ENABLE_NS_ASSERTIONS = NO;
				ENABLE_STRICT_OBJC_MSGSEND = YES;
				GCC_C_LANGUAGE_STANDARD = gnu11;
				GCC_NO_COMMON_BLOCKS = YES;
				GCC_WARN_64_TO_32_BIT_CONVERSION = YES;
				GCC_WARN_ABOUT_RETURN_TYPE = YES_ERROR;
				GCC_WARN_UNDECLARED_SELECTOR = YES;
				GCC_WARN_UNINITIALIZED_AUTOS = YES_AGGRESSIVE;
				GCC_WARN_UNUSED_FUNCTION = YES;
				GCC_WARN_UNUSED_VARIABLE = YES;
				IPHONEOS_DEPLOYMENT_TARGET = 13.2;
				MTL_ENABLE_DEBUG_INFO = NO;
				MTL_FAST_MATH = YES;
				SDKROOT = iphoneos;
				SWIFT_COMPILATION_MODE = wholemodule;
				SWIFT_OPTIMIZATION_LEVEL = "-O";
				VALIDATE_PRODUCT = YES;
			};
			name = Release;
		};
		DCD9CBB52419E03300FBC664 /* Debug */ = {
			isa = XCBuildConfiguration;
			buildSettings = {
				ASSETCATALOG_COMPILER_APPICON_NAME = AppIcon;
				CODE_SIGN_STYLE = Automatic;
				INFOPLIST_FILE = cien/Info.plist;
				LD_RUNPATH_SEARCH_PATHS = (
					"$(inherited)",
					"@executable_path/Frameworks",
				);
				PRODUCT_BUNDLE_IDENTIFIER = com.ldz.cien;
				PRODUCT_NAME = "$(TARGET_NAME)";
				SWIFT_VERSION = 5.0;
				TARGETED_DEVICE_FAMILY = "1,2";
			};
			name = Debug;
		};
		DCD9CBB62419E03300FBC664 /* Release */ = {
			isa = XCBuildConfiguration;
			buildSettings = {
				ASSETCATALOG_COMPILER_APPICON_NAME = AppIcon;
				CODE_SIGN_STYLE = Automatic;
				INFOPLIST_FILE = cien/Info.plist;
				LD_RUNPATH_SEARCH_PATHS = (
					"$(inherited)",
					"@executable_path/Frameworks",
				);
				PRODUCT_BUNDLE_IDENTIFIER = com.ldz.cien;
				PRODUCT_NAME = "$(TARGET_NAME)";
				SWIFT_VERSION = 5.0;
				TARGETED_DEVICE_FAMILY = "1,2";
			};
			name = Release;
		};
/* End XCBuildConfiguration section */

/* Begin XCConfigurationList section */
		DCD9CB9B2419E03100FBC664 /* Build configuration list for PBXProject "cien" */ = {
			isa = XCConfigurationList;
			buildConfigurations = (
				DCD9CBB22419E03300FBC664 /* Debug */,
				DCD9CBB32419E03300FBC664 /* Release */,
			);
			defaultConfigurationIsVisible = 0;
			defaultConfigurationName = Release;
		};
		DCD9CBB42419E03300FBC664 /* Build configuration list for PBXNativeTarget "cien" */ = {
			isa = XCConfigurationList;
			buildConfigurations = (
				DCD9CBB52419E03300FBC664 /* Debug */,
				DCD9CBB62419E03300FBC664 /* Release */,
			);
			defaultConfigurationIsVisible = 0;
			defaultConfigurationName = Release;
		};
/* End XCConfigurationList section */
	};
	rootObject = DCD9CB982419E03100FBC664 /* Project object */;
}
