// !$*UTF8*$!
{
	archiveVersion = 1;
	classes = {
	};
	objectVersion = 51;
	objects = {

/* Begin PBXBuildFile section */
		DC069218244B4FE700DF9197 /* AppDelegate.swift in Sources */ = {isa = PBXBuildFile; fileRef = DC069217244B4FE700DF9197 /* AppDelegate.swift */; };
		DC06921A244B4FE700DF9197 /* SceneDelegate.swift in Sources */ = {isa = PBXBuildFile; fileRef = DC069219244B4FE700DF9197 /* SceneDelegate.swift */; };
		DC06921C244B4FE700DF9197 /* ViewController.swift in Sources */ = {isa = PBXBuildFile; fileRef = DC06921B244B4FE700DF9197 /* ViewController.swift */; };
		DC06921F244B4FE700DF9197 /* Main.storyboard in Resources */ = {isa = PBXBuildFile; fileRef = DC06921D244B4FE700DF9197 /* Main.storyboard */; };
		DC069221244B4FED00DF9197 /* Assets.xcassets in Resources */ = {isa = PBXBuildFile; fileRef = DC069220244B4FED00DF9197 /* Assets.xcassets */; };
		DC069224244B4FED00DF9197 /* LaunchScreen.storyboard in Resources */ = {isa = PBXBuildFile; fileRef = DC069222244B4FED00DF9197 /* LaunchScreen.storyboard */; };
		DC06922F244B530000DF9197 /* Alamofire.swift in Sources */ = {isa = PBXBuildFile; fileRef = DC06922E244B530000DF9197 /* Alamofire.swift */; };
		DC069233244B578F00DF9197 /* MemeTableViewCell.swift in Sources */ = {isa = PBXBuildFile; fileRef = DC069231244B578F00DF9197 /* MemeTableViewCell.swift */; };
		DC069234244B578F00DF9197 /* MemeTableViewCell.xib in Resources */ = {isa = PBXBuildFile; fileRef = DC069232244B578F00DF9197 /* MemeTableViewCell.xib */; };
		DC069237244B5C5300DF9197 /* R.generated.swift in Sources */ = {isa = PBXBuildFile; fileRef = DC069236244B5C5300DF9197 /* R.generated.swift */; };
		DC069239244B63C300DF9197 /* Meme.swift in Sources */ = {isa = PBXBuildFile; fileRef = DC069238244B63C300DF9197 /* Meme.swift */; };
		DC06923C244B651100DF9197 /* APIManager.swift in Sources */ = {isa = PBXBuildFile; fileRef = DC06923B244B651100DF9197 /* APIManager.swift */; };
		FB21783E312C7E7C95FD9A46 /* Pods_RestApi.framework in Frameworks */ = {isa = PBXBuildFile; fileRef = 374517AF2576E9A849E46819 /* Pods_RestApi.framework */; };
/* End PBXBuildFile section */

/* Begin PBXFileReference section */
		374517AF2576E9A849E46819 /* Pods_RestApi.framework */ = {isa = PBXFileReference; explicitFileType = wrapper.framework; includeInIndex = 0; path = Pods_RestApi.framework; sourceTree = BUILT_PRODUCTS_DIR; };
		3B2AEB396B7D07F2ED22BFCB /* Pods-RestApi.debug.xcconfig */ = {isa = PBXFileReference; includeInIndex = 1; lastKnownFileType = text.xcconfig; name = "Pods-RestApi.debug.xcconfig"; path = "Target Support Files/Pods-RestApi/Pods-RestApi.debug.xcconfig"; sourceTree = "<group>"; };
		DC069214244B4FE700DF9197 /* RestApi.app */ = {isa = PBXFileReference; explicitFileType = wrapper.application; includeInIndex = 0; path = RestApi.app; sourceTree = BUILT_PRODUCTS_DIR; };
		DC069217244B4FE700DF9197 /* AppDelegate.swift */ = {isa = PBXFileReference; lastKnownFileType = sourcecode.swift; path = AppDelegate.swift; sourceTree = "<group>"; };
		DC069219244B4FE700DF9197 /* SceneDelegate.swift */ = {isa = PBXFileReference; lastKnownFileType = sourcecode.swift; path = SceneDelegate.swift; sourceTree = "<group>"; };
		DC06921B244B4FE700DF9197 /* ViewController.swift */ = {isa = PBXFileReference; lastKnownFileType = sourcecode.swift; path = ViewController.swift; sourceTree = "<group>"; };
		DC06921E244B4FE700DF9197 /* Base */ = {isa = PBXFileReference; lastKnownFileType = file.storyboard; name = Base; path = Base.lproj/Main.storyboard; sourceTree = "<group>"; };
		DC069220244B4FED00DF9197 /* Assets.xcassets */ = {isa = PBXFileReference; lastKnownFileType = folder.assetcatalog; path = Assets.xcassets; sourceTree = "<group>"; };
		DC069223244B4FED00DF9197 /* Base */ = {isa = PBXFileReference; lastKnownFileType = file.storyboard; name = Base; path = Base.lproj/LaunchScreen.storyboard; sourceTree = "<group>"; };
		DC069225244B4FED00DF9197 /* Info.plist */ = {isa = PBXFileReference; lastKnownFileType = text.plist.xml; path = Info.plist; sourceTree = "<group>"; };
		DC06922E244B530000DF9197 /* Alamofire.swift */ = {isa = PBXFileReference; lastKnownFileType = sourcecode.swift; path = Alamofire.swift; sourceTree = "<group>"; };
		DC069231244B578F00DF9197 /* MemeTableViewCell.swift */ = {isa = PBXFileReference; lastKnownFileType = sourcecode.swift; path = MemeTableViewCell.swift; sourceTree = "<group>"; };
		DC069232244B578F00DF9197 /* MemeTableViewCell.xib */ = {isa = PBXFileReference; lastKnownFileType = file.xib; path = MemeTableViewCell.xib; sourceTree = "<group>"; };
		DC069236244B5C5300DF9197 /* R.generated.swift */ = {isa = PBXFileReference; fileEncoding = 4; lastKnownFileType = sourcecode.swift; path = R.generated.swift; sourceTree = "<group>"; };
		DC069238244B63C300DF9197 /* Meme.swift */ = {isa = PBXFileReference; lastKnownFileType = sourcecode.swift; path = Meme.swift; sourceTree = "<group>"; };
		DC06923B244B651100DF9197 /* APIManager.swift */ = {isa = PBXFileReference; lastKnownFileType = sourcecode.swift; path = APIManager.swift; sourceTree = "<group>"; };
		EB910AC0C372B3C2852237AC /* Pods-RestApi.release.xcconfig */ = {isa = PBXFileReference; includeInIndex = 1; lastKnownFileType = text.xcconfig; name = "Pods-RestApi.release.xcconfig"; path = "Target Support Files/Pods-RestApi/Pods-RestApi.release.xcconfig"; sourceTree = "<group>"; };
/* End PBXFileReference section */

/* Begin PBXFrameworksBuildPhase section */
		DC069211244B4FE700DF9197 /* Frameworks */ = {
			isa = PBXFrameworksBuildPhase;
			buildActionMask = 2147483647;
			files = (
				FB21783E312C7E7C95FD9A46 /* Pods_RestApi.framework in Frameworks */,
			);
			runOnlyForDeploymentPostprocessing = 0;
		};
/* End PBXFrameworksBuildPhase section */

/* Begin PBXGroup section */
		15706164788C7E1282C078FE /* Frameworks */ = {
			isa = PBXGroup;
			children = (
				374517AF2576E9A849E46819 /* Pods_RestApi.framework */,
			);
			name = Frameworks;
			sourceTree = "<group>";
		};
		3F832355F4BD813D2EE49AD7 /* Pods */ = {
			isa = PBXGroup;
			children = (
				3B2AEB396B7D07F2ED22BFCB /* Pods-RestApi.debug.xcconfig */,
				EB910AC0C372B3C2852237AC /* Pods-RestApi.release.xcconfig */,
			);
			path = Pods;
			sourceTree = "<group>";
		};
		DC06920B244B4FE700DF9197 = {
			isa = PBXGroup;
			children = (
				DC069236244B5C5300DF9197 /* R.generated.swift */,
				DC069216244B4FE700DF9197 /* RestApi */,
				DC069215244B4FE700DF9197 /* Products */,
				3F832355F4BD813D2EE49AD7 /* Pods */,
				15706164788C7E1282C078FE /* Frameworks */,
			);
			sourceTree = "<group>";
		};
		DC069215244B4FE700DF9197 /* Products */ = {
			isa = PBXGroup;
			children = (
				DC069214244B4FE700DF9197 /* RestApi.app */,
			);
			name = Products;
			sourceTree = "<group>";
		};
		DC069216244B4FE700DF9197 /* RestApi */ = {
			isa = PBXGroup;
			children = (
				DC06923D244B65B400DF9197 /* Model */,
				DC06923A244B64FD00DF9197 /* Manager */,
				DC069230244B576400DF9197 /* CustomCell */,
				DC06922B244B523100DF9197 /* Helpers */,
				DC069217244B4FE700DF9197 /* AppDelegate.swift */,
				DC069219244B4FE700DF9197 /* SceneDelegate.swift */,
				DC06921B244B4FE700DF9197 /* ViewController.swift */,
				DC06921D244B4FE700DF9197 /* Main.storyboard */,
				DC069220244B4FED00DF9197 /* Assets.xcassets */,
				DC069222244B4FED00DF9197 /* LaunchScreen.storyboard */,
				DC069225244B4FED00DF9197 /* Info.plist */,
			);
			path = RestApi;
			sourceTree = "<group>";
		};
		DC06922B244B523100DF9197 /* Helpers */ = {
			isa = PBXGroup;
			children = (
				DC06922E244B530000DF9197 /* Alamofire.swift */,
			);
			path = Helpers;
			sourceTree = "<group>";
		};
		DC069230244B576400DF9197 /* CustomCell */ = {
			isa = PBXGroup;
			children = (
				DC069231244B578F00DF9197 /* MemeTableViewCell.swift */,
				DC069232244B578F00DF9197 /* MemeTableViewCell.xib */,
			);
			path = CustomCell;
			sourceTree = "<group>";
		};
		DC06923A244B64FD00DF9197 /* Manager */ = {
			isa = PBXGroup;
			children = (
				DC06923B244B651100DF9197 /* APIManager.swift */,
			);
			path = Manager;
			sourceTree = "<group>";
		};
		DC06923D244B65B400DF9197 /* Model */ = {
			isa = PBXGroup;
			children = (
				DC069238244B63C300DF9197 /* Meme.swift */,
			);
			path = Model;
			sourceTree = "<group>";
		};
/* End PBXGroup section */

/* Begin PBXNativeTarget section */
		DC069213244B4FE700DF9197 /* RestApi */ = {
			isa = PBXNativeTarget;
			buildConfigurationList = DC069228244B4FED00DF9197 /* Build configuration list for PBXNativeTarget "RestApi" */;
			buildPhases = (
				631ED043AF7D385434270655 /* [CP] Check Pods Manifest.lock */,
				DC069235244B595500DF9197 /* ShellScript */,
				DC069210244B4FE700DF9197 /* Sources */,
				DC069211244B4FE700DF9197 /* Frameworks */,
				DC069212244B4FE700DF9197 /* Resources */,
				A2968F4EECDF268761C4C2F2 /* [CP] Embed Pods Frameworks */,
			);
			buildRules = (
			);
			dependencies = (
			);
			name = RestApi;
			productName = RestApi;
			productReference = DC069214244B4FE700DF9197 /* RestApi.app */;
			productType = "com.apple.product-type.application";
		};
/* End PBXNativeTarget section */

/* Begin PBXProject section */
		DC06920C244B4FE700DF9197 /* Project object */ = {
			isa = PBXProject;
			attributes = {
				LastSwiftUpdateCheck = 1130;
				LastUpgradeCheck = 1130;
				ORGANIZATIONNAME = "Pedro Ledezma";
				TargetAttributes = {
					DC069213244B4FE700DF9197 = {
						CreatedOnToolsVersion = 11.3.1;
					};
				};
			};
			buildConfigurationList = DC06920F244B4FE700DF9197 /* Build configuration list for PBXProject "RestApi" */;
			compatibilityVersion = "Xcode 9.3";
			developmentRegion = en;
			hasScannedForEncodings = 0;
			knownRegions = (
				en,
				Base,
			);
			mainGroup = DC06920B244B4FE700DF9197;
			productRefGroup = DC069215244B4FE700DF9197 /* Products */;
			projectDirPath = "";
			projectRoot = "";
			targets = (
				DC069213244B4FE700DF9197 /* RestApi */,
			);
		};
/* End PBXProject section */

/* Begin PBXResourcesBuildPhase section */
		DC069212244B4FE700DF9197 /* Resources */ = {
			isa = PBXResourcesBuildPhase;
			buildActionMask = 2147483647;
			files = (
				DC069224244B4FED00DF9197 /* LaunchScreen.storyboard in Resources */,
				DC069234244B578F00DF9197 /* MemeTableViewCell.xib in Resources */,
				DC069221244B4FED00DF9197 /* Assets.xcassets in Resources */,
				DC06921F244B4FE700DF9197 /* Main.storyboard in Resources */,
			);
			runOnlyForDeploymentPostprocessing = 0;
		};
/* End PBXResourcesBuildPhase section */

/* Begin PBXShellScriptBuildPhase section */
		631ED043AF7D385434270655 /* [CP] Check Pods Manifest.lock */ = {
			isa = PBXShellScriptBuildPhase;
			buildActionMask = 2147483647;
			files = (
			);
			inputFileListPaths = (
			);
			inputPaths = (
				"${PODS_PODFILE_DIR_PATH}/Podfile.lock",
				"${PODS_ROOT}/Manifest.lock",
			);
			name = "[CP] Check Pods Manifest.lock";
			outputFileListPaths = (
			);
			outputPaths = (
				"$(DERIVED_FILE_DIR)/Pods-RestApi-checkManifestLockResult.txt",
			);
			runOnlyForDeploymentPostprocessing = 0;
			shellPath = /bin/sh;
			shellScript = "diff \"${PODS_PODFILE_DIR_PATH}/Podfile.lock\" \"${PODS_ROOT}/Manifest.lock\" > /dev/null\nif [ $? != 0 ] ; then\n    # print error to STDERR\n    echo \"error: The sandbox is not in sync with the Podfile.lock. Run 'pod install' or update your CocoaPods installation.\" >&2\n    exit 1\nfi\n# This output is used by Xcode 'outputs' to avoid re-running this script phase.\necho \"SUCCESS\" > \"${SCRIPT_OUTPUT_FILE_0}\"\n";
			showEnvVarsInLog = 0;
		};
		A2968F4EECDF268761C4C2F2 /* [CP] Embed Pods Frameworks */ = {
			isa = PBXShellScriptBuildPhase;
			buildActionMask = 2147483647;
			files = (
			);
			inputFileListPaths = (
				"${PODS_ROOT}/Target Support Files/Pods-RestApi/Pods-RestApi-frameworks-${CONFIGURATION}-input-files.xcfilelist",
			);
			name = "[CP] Embed Pods Frameworks";
			outputFileListPaths = (
				"${PODS_ROOT}/Target Support Files/Pods-RestApi/Pods-RestApi-frameworks-${CONFIGURATION}-output-files.xcfilelist",
			);
			runOnlyForDeploymentPostprocessing = 0;
			shellPath = /bin/sh;
			shellScript = "\"${PODS_ROOT}/Target Support Files/Pods-RestApi/Pods-RestApi-frameworks.sh\"\n";
			showEnvVarsInLog = 0;
		};
		DC069235244B595500DF9197 /* ShellScript */ = {
			isa = PBXShellScriptBuildPhase;
			buildActionMask = 2147483647;
			files = (
			);
			inputFileListPaths = (
			);
			inputPaths = (
				"$TEMP_DIR/rswift-lastrun",
			);
			outputFileListPaths = (
			);
			outputPaths = (
				$SRCROOT/R.generated.swift,
			);
			runOnlyForDeploymentPostprocessing = 0;
			shellPath = /bin/sh;
			shellScript = "\"$PODS_ROOT/R.swift/rswift\" generate \"$SRCROOT/R.generated.swift\"\n";
		};
/* End PBXShellScriptBuildPhase section */

/* Begin PBXSourcesBuildPhase section */
		DC069210244B4FE700DF9197 /* Sources */ = {
			isa = PBXSourcesBuildPhase;
			buildActionMask = 2147483647;
			files = (
				DC06923C244B651100DF9197 /* APIManager.swift in Sources */,
				DC06921C244B4FE700DF9197 /* ViewController.swift in Sources */,
				DC069218244B4FE700DF9197 /* AppDelegate.swift in Sources */,
				DC069239244B63C300DF9197 /* Meme.swift in Sources */,
				DC069233244B578F00DF9197 /* MemeTableViewCell.swift in Sources */,
				DC06922F244B530000DF9197 /* Alamofire.swift in Sources */,
				DC06921A244B4FE700DF9197 /* SceneDelegate.swift in Sources */,
				DC069237244B5C5300DF9197 /* R.generated.swift in Sources */,
			);
			runOnlyForDeploymentPostprocessing = 0;
		};
/* End PBXSourcesBuildPhase section */

/* Begin PBXVariantGroup section */
		DC06921D244B4FE700DF9197 /* Main.storyboard */ = {
			isa = PBXVariantGroup;
			children = (
				DC06921E244B4FE700DF9197 /* Base */,
			);
			name = Main.storyboard;
			sourceTree = "<group>";
		};
		DC069222244B4FED00DF9197 /* LaunchScreen.storyboard */ = {
			isa = PBXVariantGroup;
			children = (
				DC069223244B4FED00DF9197 /* Base */,
			);
			name = LaunchScreen.storyboard;
			sourceTree = "<group>";
		};
/* End PBXVariantGroup section */

/* Begin XCBuildConfiguration section */
		DC069226244B4FED00DF9197 /* Debug */ = {
			isa = XCBuildConfiguration;
			buildSettings = {
				ALWAYS_SEARCH_USER_PATHS = NO;
				CLANG_ANALYZER_NONNULL = YES;
				CLANG_ANALYZER_NUMBER_OBJECT_CONVERSION = YES_AGGRESSIVE;
				CLANG_CXX_LANGUAGE_STANDARD = "gnu++14";
				CLANG_CXX_LIBRARY = "libc++";
				CLANG_ENABLE_MODULES = YES;
				CLANG_ENABLE_OBJC_ARC = YES;
				CLANG_ENABLE_OBJC_WEAK = YES;
				CLANG_WARN_BLOCK_CAPTURE_AUTORELEASING = YES;
				CLANG_WARN_BOOL_CONVERSION = YES;
				CLANG_WARN_COMMA = YES;
				CLANG_WARN_CONSTANT_CONVERSION = YES;
				CLANG_WARN_DEPRECATED_OBJC_IMPLEMENTATIONS = YES;
				CLANG_WARN_DIRECT_OBJC_ISA_USAGE = YES_ERROR;
				CLANG_WARN_DOCUMENTATION_COMMENTS = YES;
				CLANG_WARN_EMPTY_BODY = YES;
				CLANG_WARN_ENUM_CONVERSION = YES;
				CLANG_WARN_INFINITE_RECURSION = YES;
				CLANG_WARN_INT_CONVERSION = YES;
				CLANG_WARN_NON_LITERAL_NULL_CONVERSION = YES;
				CLANG_WARN_OBJC_IMPLICIT_RETAIN_SELF = YES;
				CLANG_WARN_OBJC_LITERAL_CONVERSION = YES;
				CLANG_WARN_OBJC_ROOT_CLASS = YES_ERROR;
				CLANG_WARN_RANGE_LOOP_ANALYSIS = YES;
				CLANG_WARN_STRICT_PROTOTYPES = YES;
				CLANG_WARN_SUSPICIOUS_MOVE = YES;
				CLANG_WARN_UNGUARDED_AVAILABILITY = YES_AGGRESSIVE;
				CLANG_WARN_UNREACHABLE_CODE = YES;
				CLANG_WARN__DUPLICATE_METHOD_MATCH = YES;
				COPY_PHASE_STRIP = NO;
				DEBUG_INFORMATION_FORMAT = dwarf;
				ENABLE_STRICT_OBJC_MSGSEND = YES;
				ENABLE_TESTABILITY = YES;
				GCC_C_LANGUAGE_STANDARD = gnu11;
				GCC_DYNAMIC_NO_PIC = NO;
				GCC_NO_COMMON_BLOCKS = YES;
				GCC_OPTIMIZATION_LEVEL = 0;
				GCC_PREPROCESSOR_DEFINITIONS = (
					"DEBUG=1",
					"$(inherited)",
				);
				GCC_WARN_64_TO_32_BIT_CONVERSION = YES;
				GCC_WARN_ABOUT_RETURN_TYPE = YES_ERROR;
				GCC_WARN_UNDECLARED_SELECTOR = YES;
				GCC_WARN_UNINITIALIZED_AUTOS = YES_AGGRESSIVE;
				GCC_WARN_UNUSED_FUNCTION = YES;
				GCC_WARN_UNUSED_VARIABLE = YES;
				IPHONEOS_DEPLOYMENT_TARGET = 13.2;
				MTL_ENABLE_DEBUG_INFO = INCLUDE_SOURCE;
				MTL_FAST_MATH = YES;
				ONLY_ACTIVE_ARCH = YES;
				SDKROOT = iphoneos;
				SWIFT_ACTIVE_COMPILATION_CONDITIONS = DEBUG;
				SWIFT_OPTIMIZATION_LEVEL = "-Onone";
			};
			name = Debug;
		};
		DC069227244B4FED00DF9197 /* Release */ = {
			isa = XCBuildConfiguration;
			buildSettings = {
				ALWAYS_SEARCH_USER_PATHS = NO;
				CLANG_ANALYZER_NONNULL = YES;
				CLANG_ANALYZER_NUMBER_OBJECT_CONVERSION = YES_AGGRESSIVE;
				CLANG_CXX_LANGUAGE_STANDARD = "gnu++14";
				CLANG_CXX_LIBRARY = "libc++";
				CLANG_ENABLE_MODULES = YES;
				CLANG_ENABLE_OBJC_ARC = YES;
				CLANG_ENABLE_OBJC_WEAK = YES;
				CLANG_WARN_BLOCK_CAPTURE_AUTORELEASING = YES;
				CLANG_WARN_BOOL_CONVERSION = YES;
				CLANG_WARN_COMMA = YES;
				CLANG_WARN_CONSTANT_CONVERSION = YES;
				CLANG_WARN_DEPRECATED_OBJC_IMPLEMENTATIONS = YES;
				CLANG_WARN_DIRECT_OBJC_ISA_USAGE = YES_ERROR;
				CLANG_WARN_DOCUMENTATION_COMMENTS = YES;
				CLANG_WARN_EMPTY_BODY = YES;
				CLANG_WARN_ENUM_CONVERSION = YES;
				CLANG_WARN_INFINITE_RECURSION = YES;
				CLANG_WARN_INT_CONVERSION = YES;
				CLANG_WARN_NON_LITERAL_NULL_CONVERSION = YES;
				CLANG_WARN_OBJC_IMPLICIT_RETAIN_SELF = YES;
				CLANG_WARN_OBJC_LITERAL_CONVERSION = YES;
				CLANG_WARN_OBJC_ROOT_CLASS = YES_ERROR;
				CLANG_WARN_RANGE_LOOP_ANALYSIS = YES;
				CLANG_WARN_STRICT_PROTOTYPES = YES;
				CLANG_WARN_SUSPICIOUS_MOVE = YES;
				CLANG_WARN_UNGUARDED_AVAILABILITY = YES_AGGRESSIVE;
				CLANG_WARN_UNREACHABLE_CODE = YES;
				CLANG_WARN__DUPLICATE_METHOD_MATCH = YES;
				COPY_PHASE_STRIP = NO;
				DEBUG_INFORMATION_FORMAT = "dwarf-with-dsym";
				ENABLE_NS_ASSERTIONS = NO;
				ENABLE_STRICT_OBJC_MSGSEND = YES;
				GCC_C_LANGUAGE_STANDARD = gnu11;
				GCC_NO_COMMON_BLOCKS = YES;
				GCC_WARN_64_TO_32_BIT_CONVERSION = YES;
				GCC_WARN_ABOUT_RETURN_TYPE = YES_ERROR;
				GCC_WARN_UNDECLARED_SELECTOR = YES;
				GCC_WARN_UNINITIALIZED_AUTOS = YES_AGGRESSIVE;
				GCC_WARN_UNUSED_FUNCTION = YES;
				GCC_WARN_UNUSED_VARIABLE = YES;
				IPHONEOS_DEPLOYMENT_TARGET = 13.2;
				MTL_ENABLE_DEBUG_INFO = NO;
				MTL_FAST_MATH = YES;
				SDKROOT = iphoneos;
				SWIFT_COMPILATION_MODE = wholemodule;
				SWIFT_OPTIMIZATION_LEVEL = "-O";
				VALIDATE_PRODUCT = YES;
			};
			name = Release;
		};
		DC069229244B4FED00DF9197 /* Debug */ = {
			isa = XCBuildConfiguration;
			baseConfigurationReference = 3B2AEB396B7D07F2ED22BFCB /* Pods-RestApi.debug.xcconfig */;
			buildSettings = {
				ASSETCATALOG_COMPILER_APPICON_NAME = AppIcon;
				CODE_SIGN_STYLE = Automatic;
				INFOPLIST_FILE = RestApi/Info.plist;
				LD_RUNPATH_SEARCH_PATHS = (
					"$(inherited)",
					"@executable_path/Frameworks",
				);
				PRODUCT_BUNDLE_IDENTIFIER = com.ldz.RestApi;
				PRODUCT_NAME = "$(TARGET_NAME)";
				SWIFT_VERSION = 5.0;
				TARGETED_DEVICE_FAMILY = "1,2";
			};
			name = Debug;
		};
		DC06922A244B4FED00DF9197 /* Release */ = {
			isa = XCBuildConfiguration;
			baseConfigurationReference = EB910AC0C372B3C2852237AC /* Pods-RestApi.release.xcconfig */;
			buildSettings = {
				ASSETCATALOG_COMPILER_APPICON_NAME = AppIcon;
				CODE_SIGN_STYLE = Automatic;
				INFOPLIST_FILE = RestApi/Info.plist;
				LD_RUNPATH_SEARCH_PATHS = (
					"$(inherited)",
					"@executable_path/Frameworks",
				);
				PRODUCT_BUNDLE_IDENTIFIER = com.ldz.RestApi;
				PRODUCT_NAME = "$(TARGET_NAME)";
				SWIFT_VERSION = 5.0;
				TARGETED_DEVICE_FAMILY = "1,2";
			};
			name = Release;
		};
/* End XCBuildConfiguration section */

/* Begin XCConfigurationList section */
		DC06920F244B4FE700DF9197 /* Build configuration list for PBXProject "RestApi" */ = {
			isa = XCConfigurationList;
			buildConfigurations = (
				DC069226244B4FED00DF9197 /* Debug */,
				DC069227244B4FED00DF9197 /* Release */,
			);
			defaultConfigurationIsVisible = 0;
			defaultConfigurationName = Release;
		};
		DC069228244B4FED00DF9197 /* Build configuration list for PBXNativeTarget "RestApi" */ = {
			isa = XCConfigurationList;
			buildConfigurations = (
				DC069229244B4FED00DF9197 /* Debug */,
				DC06922A244B4FED00DF9197 /* Release */,
			);
			defaultConfigurationIsVisible = 0;
			defaultConfigurationName = Release;
		};
/* End XCConfigurationList section */
	};
	rootObject = DC06920C244B4FE700DF9197 /* Project object */;
}
